// !$*UTF8*$!
{
	archiveVersion = 1;
	classes = {
	};
	objectVersion = 51;
	objects = {

/* Begin PBXBuildFile section */
		1498D2341E8E89220040F4C2 /* GeneratedPluginRegistrant.m in Sources */ = {isa = PBXBuildFile; fileRef = 1498D2331E8E89220040F4C2 /* GeneratedPluginRegistrant.m */; };
		3B3967161E833CAA004F5970 /* AppFrameworkInfo.plist in Resources */ = {isa = PBXBuildFile; fileRef = 3B3967151E833CAA004F5970 /* AppFrameworkInfo.plist */; };
		47E5ABB8260DA1B0000E0FB1 /* SigningEyeSDK.framework in Frameworks */ = {isa = PBXBuildFile; fileRef = 47E5ABB7260DA1B0000E0FB1 /* SigningEyeSDK.framework */; };
		6815D74826047BED007BFC9D /* .ruby-gemset in Resources */ = {isa = PBXBuildFile; fileRef = 6815D71A26047BED007BFC9D /* .ruby-gemset */; };
		6815D74926047BED007BFC9D /* .cocoadocs.yml in Resources */ = {isa = PBXBuildFile; fileRef = 6815D71B26047BED007BFC9D /* .cocoadocs.yml */; };
		6815D74A26047BED007BFC9D /* .codecov.yml in Resources */ = {isa = PBXBuildFile; fileRef = 6815D71C26047BED007BFC9D /* .codecov.yml */; };
		6815D74B26047BED007BFC9D /* .ruby-version in Resources */ = {isa = PBXBuildFile; fileRef = 6815D71D26047BED007BFC9D /* .ruby-version */; };
		6815D74C26047BED007BFC9D /* AFSecurityPolicy.m in Sources */ = {isa = PBXBuildFile; fileRef = 6815D71F26047BED007BFC9D /* AFSecurityPolicy.m */; };
		6815D74D26047BED007BFC9D /* AFHTTPSessionManager.m in Sources */ = {isa = PBXBuildFile; fileRef = 6815D72126047BED007BFC9D /* AFHTTPSessionManager.m */; };
		6815D74E26047BED007BFC9D /* AFURLRequestSerialization.m in Sources */ = {isa = PBXBuildFile; fileRef = 6815D72226047BED007BFC9D /* AFURLRequestSerialization.m */; };
		6815D74F26047BED007BFC9D /* AFURLSessionManager.m in Sources */ = {isa = PBXBuildFile; fileRef = 6815D72326047BED007BFC9D /* AFURLSessionManager.m */; };
		6815D75026047BED007BFC9D /* AFNetworkReachabilityManager.m in Sources */ = {isa = PBXBuildFile; fileRef = 6815D72426047BED007BFC9D /* AFNetworkReachabilityManager.m */; };
		6815D75126047BED007BFC9D /* AFURLResponseSerialization.m in Sources */ = {isa = PBXBuildFile; fileRef = 6815D72C26047BED007BFC9D /* AFURLResponseSerialization.m */; };
		6815D75226047BED007BFC9D /* .gitignore in Resources */ = {isa = PBXBuildFile; fileRef = 6815D72D26047BED007BFC9D /* .gitignore */; };
		6815D75326047BED007BFC9D /* ci.yml in Resources */ = {isa = PBXBuildFile; fileRef = 6815D73026047BED007BFC9D /* ci.yml */; };
		6815D75426047BED007BFC9D /* stale.yml in Resources */ = {isa = PBXBuildFile; fileRef = 6815D73126047BED007BFC9D /* stale.yml */; };
		6815D75526047BED007BFC9D /* pull_request_template.md in Resources */ = {isa = PBXBuildFile; fileRef = 6815D73226047BED007BFC9D /* pull_request_template.md */; };
		6815D75626047BED007BFC9D /* issue_template.md in Resources */ = {isa = PBXBuildFile; fileRef = 6815D73326047BED007BFC9D /* issue_template.md */; };
		6815D75726047BED007BFC9D /* UIRefreshControl+AFNetworking.m in Sources */ = {isa = PBXBuildFile; fileRef = 6815D73526047BED007BFC9D /* UIRefreshControl+AFNetworking.m */; };
		6815D75826047BED007BFC9D /* AFNetworkActivityIndicatorManager.m in Sources */ = {isa = PBXBuildFile; fileRef = 6815D73826047BED007BFC9D /* AFNetworkActivityIndicatorManager.m */; };
		6815D75926047BED007BFC9D /* UIProgressView+AFNetworking.m in Sources */ = {isa = PBXBuildFile; fileRef = 6815D73C26047BED007BFC9D /* UIProgressView+AFNetworking.m */; };
		6815D75A26047BED007BFC9D /* AFAutoPurgingImageCache.m in Sources */ = {isa = PBXBuildFile; fileRef = 6815D74126047BED007BFC9D /* AFAutoPurgingImageCache.m */; };
		6815D75B26047BED007BFC9D /* AFImageDownloader.m in Sources */ = {isa = PBXBuildFile; fileRef = 6815D74226047BED007BFC9D /* AFImageDownloader.m */; };
		6815D75C26047BED007BFC9D /* UIActivityIndicatorView+AFNetworking.m in Sources */ = {isa = PBXBuildFile; fileRef = 6815D74326047BED007BFC9D /* UIActivityIndicatorView+AFNetworking.m */; };
		6815D75D26047BED007BFC9D /* WKWebView+AFNetworking.m in Sources */ = {isa = PBXBuildFile; fileRef = 6815D74426047BED007BFC9D /* WKWebView+AFNetworking.m */; };
		6815D75E26047BED007BFC9D /* UIButton+AFNetworking.m in Sources */ = {isa = PBXBuildFile; fileRef = 6815D74526047BED007BFC9D /* UIButton+AFNetworking.m */; };
		6815D75F26047BED007BFC9D /* UIImageView+AFNetworking.m in Sources */ = {isa = PBXBuildFile; fileRef = 6815D74626047BED007BFC9D /* UIImageView+AFNetworking.m */; };
		6815D78F26048767007BFC9D /* LICENSE.md in Resources */ = {isa = PBXBuildFile; fileRef = 6815D76C26048766007BFC9D /* LICENSE.md */; };
		6815D79026048767007BFC9D /* IQKeyboardManager.m in Sources */ = {isa = PBXBuildFile; fileRef = 6815D76E26048766007BFC9D /* IQKeyboardManager.m */; };
		6815D79126048767007BFC9D /* IQKeyboardReturnKeyHandler.m in Sources */ = {isa = PBXBuildFile; fileRef = 6815D76F26048766007BFC9D /* IQKeyboardReturnKeyHandler.m */; };
		6815D79226048767007BFC9D /* IQBarButtonItem.m in Sources */ = {isa = PBXBuildFile; fileRef = 6815D77426048767007BFC9D /* IQBarButtonItem.m */; };
		6815D79326048767007BFC9D /* IQUIView+IQKeyboardToolbar.m in Sources */ = {isa = PBXBuildFile; fileRef = 6815D77526048767007BFC9D /* IQUIView+IQKeyboardToolbar.m */; };
		6815D79426048767007BFC9D /* IQToolbar.m in Sources */ = {isa = PBXBuildFile; fileRef = 6815D77726048767007BFC9D /* IQToolbar.m */; };
		6815D79526048767007BFC9D /* IQPreviousNextView.m in Sources */ = {isa = PBXBuildFile; fileRef = 6815D77926048767007BFC9D /* IQPreviousNextView.m */; };
		6815D79626048767007BFC9D /* IQTitleBarButtonItem.m in Sources */ = {isa = PBXBuildFile; fileRef = 6815D77D26048767007BFC9D /* IQTitleBarButtonItem.m */; };
		6815D79726048767007BFC9D /* IQUIView+Hierarchy.m in Sources */ = {isa = PBXBuildFile; fileRef = 6815D77F26048767007BFC9D /* IQUIView+Hierarchy.m */; };
		6815D79826048767007BFC9D /* IQNSArray+Sort.m in Sources */ = {isa = PBXBuildFile; fileRef = 6815D78126048767007BFC9D /* IQNSArray+Sort.m */; };
		6815D79926048767007BFC9D /* IQUITextFieldView+Additions.m in Sources */ = {isa = PBXBuildFile; fileRef = 6815D78226048767007BFC9D /* IQUITextFieldView+Additions.m */; };
		6815D79A26048767007BFC9D /* IQUIViewController+Additions.m in Sources */ = {isa = PBXBuildFile; fileRef = 6815D78326048767007BFC9D /* IQUIViewController+Additions.m */; };
		6815D79B26048767007BFC9D /* IQUIScrollView+Additions.m in Sources */ = {isa = PBXBuildFile; fileRef = 6815D78526048767007BFC9D /* IQUIScrollView+Additions.m */; };
		6815D79C26048767007BFC9D /* IQTextView.m in Sources */ = {isa = PBXBuildFile; fileRef = 6815D78A26048767007BFC9D /* IQTextView.m */; };
		6815D79D26048767007BFC9D /* README.md in Resources */ = {isa = PBXBuildFile; fileRef = 6815D78E26048767007BFC9D /* README.md */; };
		686D0AEC2600B3D400781075 /* MBProgressHUD.m in Sources */ = {isa = PBXBuildFile; fileRef = 686D0A9B2600B3D400781075 /* MBProgressHUD.m */; };
		686D0AED2600B3D400781075 /* MJPropertyKey.m in Sources */ = {isa = PBXBuildFile; fileRef = 686D0AA02600B3D400781075 /* MJPropertyKey.m */; };
		686D0AEE2600B3D400781075 /* MJExtensionConst.m in Sources */ = {isa = PBXBuildFile; fileRef = 686D0AA22600B3D400781075 /* MJExtensionConst.m */; };
		686D0AEF2600B3D400781075 /* NSObject+MJKeyValue.m in Sources */ = {isa = PBXBuildFile; fileRef = 686D0AA42600B3D400781075 /* NSObject+MJKeyValue.m */; };
		686D0AF02600B3D400781075 /* NSString+MJExtension.m in Sources */ = {isa = PBXBuildFile; fileRef = 686D0AA82600B3D400781075 /* NSString+MJExtension.m */; };
		686D0AF12600B3D400781075 /* MJProperty.m in Sources */ = {isa = PBXBuildFile; fileRef = 686D0AA92600B3D400781075 /* MJProperty.m */; };
		686D0AF22600B3D400781075 /* NSObject+MJProperty.m in Sources */ = {isa = PBXBuildFile; fileRef = 686D0AAA2600B3D400781075 /* NSObject+MJProperty.m */; };
		686D0AF32600B3D400781075 /* MJFoundation.m in Sources */ = {isa = PBXBuildFile; fileRef = 686D0AAB2600B3D400781075 /* MJFoundation.m */; };
		686D0AF42600B3D400781075 /* NSObject+MJClass.m in Sources */ = {isa = PBXBuildFile; fileRef = 686D0AAD2600B3D400781075 /* NSObject+MJClass.m */; };
		686D0AF52600B3D400781075 /* NSObject+MJCoding.m in Sources */ = {isa = PBXBuildFile; fileRef = 686D0AB02600B3D400781075 /* NSObject+MJCoding.m */; };
		686D0AF62600B3D400781075 /* MJPropertyType.m in Sources */ = {isa = PBXBuildFile; fileRef = 686D0AB22600B3D400781075 /* MJPropertyType.m */; };
		686D0B172600B43700781075 /* CoreServices.framework in Frameworks */ = {isa = PBXBuildFile; fileRef = 686D0B162600B43700781075 /* CoreServices.framework */; };
		686D0B192600B43F00781075 /* WebKit.framework in Frameworks */ = {isa = PBXBuildFile; fileRef = 686D0B182600B43F00781075 /* WebKit.framework */; };
		686D0B1B2600B46A00781075 /* UIKit.framework in Frameworks */ = {isa = PBXBuildFile; fileRef = 686D0B1A2600B46A00781075 /* UIKit.framework */; };
		686D0B1D2600B47100781075 /* AVFoundation.framework in Frameworks */ = {isa = PBXBuildFile; fileRef = 686D0B1C2600B47100781075 /* AVFoundation.framework */; };
		686D0B1F2600B48700781075 /* AudioToolbox.framework in Frameworks */ = {isa = PBXBuildFile; fileRef = 686D0B1E2600B48700781075 /* AudioToolbox.framework */; };
		686D0B212600B49200781075 /* CoreMedia.framework in Frameworks */ = {isa = PBXBuildFile; fileRef = 686D0B202600B49100781075 /* CoreMedia.framework */; };
		686D0B232600B49A00781075 /* ExternalAccessory.framework in Frameworks */ = {isa = PBXBuildFile; fileRef = 686D0B222600B49A00781075 /* ExternalAccessory.framework */; };
		686D0B252600B4A800781075 /* CoreVideo.framework in Frameworks */ = {isa = PBXBuildFile; fileRef = 686D0B242600B4A800781075 /* CoreVideo.framework */; };
		686D0B272600B4B300781075 /* Accelerate.framework in Frameworks */ = {isa = PBXBuildFile; fileRef = 686D0B262600B4B300781075 /* Accelerate.framework */; };
		686D0B292600B4BF00781075 /* Security.framework in Frameworks */ = {isa = PBXBuildFile; fileRef = 686D0B282600B4BF00781075 /* Security.framework */; };
		686D0B2B2600B4C600781075 /* SystemConfiguration.framework in Frameworks */ = {isa = PBXBuildFile; fileRef = 686D0B2A2600B4C600781075 /* SystemConfiguration.framework */; };
		686D0B2D2600B4D000781075 /* CoreTelephony.framework in Frameworks */ = {isa = PBXBuildFile; fileRef = 686D0B2C2600B4D000781075 /* CoreTelephony.framework */; };
		686D0B2F2600B4D800781075 /* ImageIO.framework in Frameworks */ = {isa = PBXBuildFile; fileRef = 686D0B2E2600B4D800781075 /* ImageIO.framework */; };
		686D0B312600B4E100781075 /* CoreLocation.framework in Frameworks */ = {isa = PBXBuildFile; fileRef = 686D0B302600B4E000781075 /* CoreLocation.framework */; };
		686D0B332600B4E800781075 /* AdSupport.framework in Frameworks */ = {isa = PBXBuildFile; fileRef = 686D0B322600B4E800781075 /* AdSupport.framework */; };
		686D0B352600B4F200781075 /* libc++.tbd in Frameworks */ = {isa = PBXBuildFile; fileRef = 686D0B342600B4F200781075 /* libc++.tbd */; };
		686D0B372600B4FE00781075 /* libbz2.tbd in Frameworks */ = {isa = PBXBuildFile; fileRef = 686D0B362600B4FE00781075 /* libbz2.tbd */; };
		686D0B392600B50B00781075 /* libstdc++.tbd in Frameworks */ = {isa = PBXBuildFile; fileRef = 686D0B382600B50B00781075 /* libstdc++.tbd */; };
		686D0B3B2600B51300781075 /* libz.tbd in Frameworks */ = {isa = PBXBuildFile; fileRef = 686D0B3A2600B51300781075 /* libz.tbd */; };
		686D0B522600EB9800781075 /* AppDelegate.m in Sources */ = {isa = PBXBuildFile; fileRef = 686D0B502600EB9800781075 /* AppDelegate.m */; };
		686D0B542600ED4300781075 /* main.m in Sources */ = {isa = PBXBuildFile; fileRef = 686D0B532600ED4300781075 /* main.m */; };
		68B783F026019851001F2648 /* ufa_wb.bundle in Resources */ = {isa = PBXBuildFile; fileRef = 68B783DF26019850001F2648 /* ufa_wb.bundle */; };
		68B783F126019851001F2648 /* WBCloudReflectionFaceVerify.bundle in Resources */ = {isa = PBXBuildFile; fileRef = 68B783E026019850001F2648 /* WBCloudReflectionFaceVerify.bundle */; };
		68B783F226019851001F2648 /* PEDat_wb.bundle in Resources */ = {isa = PBXBuildFile; fileRef = 68B783E126019850001F2648 /* PEDat_wb.bundle */; };
		68B783F326019851001F2648 /* detector_wb.bundle in Resources */ = {isa = PBXBuildFile; fileRef = 68B783E226019850001F2648 /* detector_wb.bundle */; };
		68B783F426019851001F2648 /* NextCV.framework in Frameworks */ = {isa = PBXBuildFile; fileRef = 68B783E426019850001F2648 /* NextCV.framework */; };
		68B783F526019851001F2648 /* rapidnet_ios.framework in Frameworks */ = {isa = PBXBuildFile; fileRef = 68B783E526019850001F2648 /* rapidnet_ios.framework */; };
		68B783F626019851001F2648 /* WBCloudReflectionFaceVerify.framework in Frameworks */ = {isa = PBXBuildFile; fileRef = 68B783E626019850001F2648 /* WBCloudReflectionFaceVerify.framework */; };
		68B783F726019851001F2648 /* YTPoseDetector.framework in Frameworks */ = {isa = PBXBuildFile; fileRef = 68B783E726019850001F2648 /* YTPoseDetector.framework */; };
		68B783F826019851001F2648 /* faceLiveReflect.framework in Frameworks */ = {isa = PBXBuildFile; fileRef = 68B783E826019851001F2648 /* faceLiveReflect.framework */; };
		68B783F926019851001F2648 /* YTTrackPro.framework in Frameworks */ = {isa = PBXBuildFile; fileRef = 68B783E926019851001F2648 /* YTTrackPro.framework */; };
		68B783FA26019851001F2648 /* YTCommon.framework in Frameworks */ = {isa = PBXBuildFile; fileRef = 68B783EA26019851001F2648 /* YTCommon.framework */; };
		68B783FB26019851001F2648 /* YTIllumination.framework in Frameworks */ = {isa = PBXBuildFile; fileRef = 68B783EB26019851001F2648 /* YTIllumination.framework */; };
		68B783FC26019851001F2648 /* WBCloudReflectionFaceVerify_framework.podspec in Resources */ = {isa = PBXBuildFile; fileRef = 68B783EC26019851001F2648 /* WBCloudReflectionFaceVerify_framework.podspec */; };
		68B783FE26019851001F2648 /* SigningResources.bundle in Resources */ = {isa = PBXBuildFile; fileRef = 68B783EE26019851001F2648 /* SigningResources.bundle */; };
		68B78400260198CB001F2648 /* CloudroomVideoSDK_IOS.framework in Frameworks */ = {isa = PBXBuildFile; fileRef = 68B783EF26019851001F2648 /* CloudroomVideoSDK_IOS.framework */; };
		68B78401260198CB001F2648 /* CloudroomVideoSDK_IOS.framework in Embed Frameworks */ = {isa = PBXBuildFile; fileRef = 68B783EF26019851001F2648 /* CloudroomVideoSDK_IOS.framework */; settings = {ATTRIBUTES = (CodeSignOnCopy, RemoveHeadersOnCopy, ); }; };
		97C146FC1CF9000F007C117D /* Main.storyboard in Resources */ = {isa = PBXBuildFile; fileRef = 97C146FA1CF9000F007C117D /* Main.storyboard */; };
		97C146FE1CF9000F007C117D /* Assets.xcassets in Resources */ = {isa = PBXBuildFile; fileRef = 97C146FD1CF9000F007C117D /* Assets.xcassets */; };
		97C147011CF9000F007C117D /* LaunchScreen.storyboard in Resources */ = {isa = PBXBuildFile; fileRef = 97C146FF1CF9000F007C117D /* LaunchScreen.storyboard */; };
		B0E564753724D458297B7E7D /* Pods_Runner.framework in Frameworks */ = {isa = PBXBuildFile; fileRef = 716F3B214F9BF043DCDD56FF /* Pods_Runner.framework */; };
/* End PBXBuildFile section */

/* Begin PBXCopyFilesBuildPhase section */
		9705A1C41CF9048500538489 /* Embed Frameworks */ = {
			isa = PBXCopyFilesBuildPhase;
			buildActionMask = 2147483647;
			dstPath = "";
			dstSubfolderSpec = 10;
			files = (
				68B78401260198CB001F2648 /* CloudroomVideoSDK_IOS.framework in Embed Frameworks */,
			);
			name = "Embed Frameworks";
			runOnlyForDeploymentPostprocessing = 0;
		};
/* End PBXCopyFilesBuildPhase section */

/* Begin PBXFileReference section */
		1498D2321E8E86230040F4C2 /* GeneratedPluginRegistrant.h */ = {isa = PBXFileReference; lastKnownFileType = sourcecode.c.h; path = GeneratedPluginRegistrant.h; sourceTree = "<group>"; };
		1498D2331E8E89220040F4C2 /* GeneratedPluginRegistrant.m */ = {isa = PBXFileReference; fileEncoding = 4; lastKnownFileType = sourcecode.c.objc; path = GeneratedPluginRegistrant.m; sourceTree = "<group>"; };
		3B3967151E833CAA004F5970 /* AppFrameworkInfo.plist */ = {isa = PBXFileReference; fileEncoding = 4; lastKnownFileType = text.plist.xml; name = AppFrameworkInfo.plist; path = Flutter/AppFrameworkInfo.plist; sourceTree = "<group>"; };
		47319BD32574C88E002F4BF2 /* en */ = {isa = PBXFileReference; lastKnownFileType = text.plist.strings; name = en; path = en.lproj/LaunchScreen.strings; sourceTree = "<group>"; };
		47E5ABB7260DA1B0000E0FB1 /* SigningEyeSDK.framework */ = {isa = PBXFileReference; lastKnownFileType = wrapper.framework; path = SigningEyeSDK.framework; sourceTree = "<group>"; };
		6805F576739CE86F7DAD4B3A /* Pods-Runner.debug.xcconfig */ = {isa = PBXFileReference; includeInIndex = 1; lastKnownFileType = text.xcconfig; name = "Pods-Runner.debug.xcconfig"; path = "Target Support Files/Pods-Runner/Pods-Runner.debug.xcconfig"; sourceTree = "<group>"; };
		6815D71A26047BED007BFC9D /* .ruby-gemset */ = {isa = PBXFileReference; fileEncoding = 4; lastKnownFileType = text; path = ".ruby-gemset"; sourceTree = "<group>"; };
		6815D71B26047BED007BFC9D /* .cocoadocs.yml */ = {isa = PBXFileReference; fileEncoding = 4; lastKnownFileType = text.yaml; path = .cocoadocs.yml; sourceTree = "<group>"; };
		6815D71C26047BED007BFC9D /* .codecov.yml */ = {isa = PBXFileReference; fileEncoding = 4; lastKnownFileType = text.yaml; path = .codecov.yml; sourceTree = "<group>"; };
		6815D71D26047BED007BFC9D /* .ruby-version */ = {isa = PBXFileReference; fileEncoding = 4; lastKnownFileType = text; path = ".ruby-version"; sourceTree = "<group>"; };
		6815D71F26047BED007BFC9D /* AFSecurityPolicy.m */ = {isa = PBXFileReference; fileEncoding = 4; lastKnownFileType = sourcecode.c.objc; path = AFSecurityPolicy.m; sourceTree = "<group>"; };
		6815D72026047BED007BFC9D /* AFURLResponseSerialization.h */ = {isa = PBXFileReference; fileEncoding = 4; lastKnownFileType = sourcecode.c.h; path = AFURLResponseSerialization.h; sourceTree = "<group>"; };
		6815D72126047BED007BFC9D /* AFHTTPSessionManager.m */ = {isa = PBXFileReference; fileEncoding = 4; lastKnownFileType = sourcecode.c.objc; path = AFHTTPSessionManager.m; sourceTree = "<group>"; };
		6815D72226047BED007BFC9D /* AFURLRequestSerialization.m */ = {isa = PBXFileReference; fileEncoding = 4; lastKnownFileType = sourcecode.c.objc; path = AFURLRequestSerialization.m; sourceTree = "<group>"; };
		6815D72326047BED007BFC9D /* AFURLSessionManager.m */ = {isa = PBXFileReference; fileEncoding = 4; lastKnownFileType = sourcecode.c.objc; path = AFURLSessionManager.m; sourceTree = "<group>"; };
		6815D72426047BED007BFC9D /* AFNetworkReachabilityManager.m */ = {isa = PBXFileReference; fileEncoding = 4; lastKnownFileType = sourcecode.c.objc; path = AFNetworkReachabilityManager.m; sourceTree = "<group>"; };
		6815D72526047BED007BFC9D /* AFSecurityPolicy.h */ = {isa = PBXFileReference; fileEncoding = 4; lastKnownFileType = sourcecode.c.h; path = AFSecurityPolicy.h; sourceTree = "<group>"; };
		6815D72626047BED007BFC9D /* AFNetworking.h */ = {isa = PBXFileReference; fileEncoding = 4; lastKnownFileType = sourcecode.c.h; path = AFNetworking.h; sourceTree = "<group>"; };
		6815D72726047BED007BFC9D /* AFCompatibilityMacros.h */ = {isa = PBXFileReference; fileEncoding = 4; lastKnownFileType = sourcecode.c.h; path = AFCompatibilityMacros.h; sourceTree = "<group>"; };
		6815D72826047BED007BFC9D /* AFURLSessionManager.h */ = {isa = PBXFileReference; fileEncoding = 4; lastKnownFileType = sourcecode.c.h; path = AFURLSessionManager.h; sourceTree = "<group>"; };
		6815D72926047BED007BFC9D /* AFNetworkReachabilityManager.h */ = {isa = PBXFileReference; fileEncoding = 4; lastKnownFileType = sourcecode.c.h; path = AFNetworkReachabilityManager.h; sourceTree = "<group>"; };
		6815D72A26047BED007BFC9D /* AFURLRequestSerialization.h */ = {isa = PBXFileReference; fileEncoding = 4; lastKnownFileType = sourcecode.c.h; path = AFURLRequestSerialization.h; sourceTree = "<group>"; };
		6815D72B26047BED007BFC9D /* AFHTTPSessionManager.h */ = {isa = PBXFileReference; fileEncoding = 4; lastKnownFileType = sourcecode.c.h; path = AFHTTPSessionManager.h; sourceTree = "<group>"; };
		6815D72C26047BED007BFC9D /* AFURLResponseSerialization.m */ = {isa = PBXFileReference; fileEncoding = 4; lastKnownFileType = sourcecode.c.objc; path = AFURLResponseSerialization.m; sourceTree = "<group>"; };
		6815D72D26047BED007BFC9D /* .gitignore */ = {isa = PBXFileReference; fileEncoding = 4; lastKnownFileType = text; path = .gitignore; sourceTree = "<group>"; };
		6815D73026047BED007BFC9D /* ci.yml */ = {isa = PBXFileReference; fileEncoding = 4; lastKnownFileType = text.yaml; path = ci.yml; sourceTree = "<group>"; };
		6815D73126047BED007BFC9D /* stale.yml */ = {isa = PBXFileReference; fileEncoding = 4; lastKnownFileType = text.yaml; path = stale.yml; sourceTree = "<group>"; };
		6815D73226047BED007BFC9D /* pull_request_template.md */ = {isa = PBXFileReference; fileEncoding = 4; lastKnownFileType = net.daringfireball.markdown; path = pull_request_template.md; sourceTree = "<group>"; };
		6815D73326047BED007BFC9D /* issue_template.md */ = {isa = PBXFileReference; fileEncoding = 4; lastKnownFileType = net.daringfireball.markdown; path = issue_template.md; sourceTree = "<group>"; };
		6815D73526047BED007BFC9D /* UIRefreshControl+AFNetworking.m */ = {isa = PBXFileReference; fileEncoding = 4; lastKnownFileType = sourcecode.c.objc; path = "UIRefreshControl+AFNetworking.m"; sourceTree = "<group>"; };
		6815D73626047BED007BFC9D /* UIKit+AFNetworking.h */ = {isa = PBXFileReference; fileEncoding = 4; lastKnownFileType = sourcecode.c.h; path = "UIKit+AFNetworking.h"; sourceTree = "<group>"; };
		6815D73726047BED007BFC9D /* AFAutoPurgingImageCache.h */ = {isa = PBXFileReference; fileEncoding = 4; lastKnownFileType = sourcecode.c.h; path = AFAutoPurgingImageCache.h; sourceTree = "<group>"; };
		6815D73826047BED007BFC9D /* AFNetworkActivityIndicatorManager.m */ = {isa = PBXFileReference; fileEncoding = 4; lastKnownFileType = sourcecode.c.objc; path = AFNetworkActivityIndicatorManager.m; sourceTree = "<group>"; };
		6815D73926047BED007BFC9D /* UIActivityIndicatorView+AFNetworking.h */ = {isa = PBXFileReference; fileEncoding = 4; lastKnownFileType = sourcecode.c.h; path = "UIActivityIndicatorView+AFNetworking.h"; sourceTree = "<group>"; };
		6815D73A26047BED007BFC9D /* WKWebView+AFNetworking.h */ = {isa = PBXFileReference; fileEncoding = 4; lastKnownFileType = sourcecode.c.h; path = "WKWebView+AFNetworking.h"; sourceTree = "<group>"; };
		6815D73B26047BED007BFC9D /* AFImageDownloader.h */ = {isa = PBXFileReference; fileEncoding = 4; lastKnownFileType = sourcecode.c.h; path = AFImageDownloader.h; sourceTree = "<group>"; };
		6815D73C26047BED007BFC9D /* UIProgressView+AFNetworking.m */ = {isa = PBXFileReference; fileEncoding = 4; lastKnownFileType = sourcecode.c.objc; path = "UIProgressView+AFNetworking.m"; sourceTree = "<group>"; };
		6815D73D26047BED007BFC9D /* UIImageView+AFNetworking.h */ = {isa = PBXFileReference; fileEncoding = 4; lastKnownFileType = sourcecode.c.h; path = "UIImageView+AFNetworking.h"; sourceTree = "<group>"; };
		6815D73E26047BED007BFC9D /* UIButton+AFNetworking.h */ = {isa = PBXFileReference; fileEncoding = 4; lastKnownFileType = sourcecode.c.h; path = "UIButton+AFNetworking.h"; sourceTree = "<group>"; };
		6815D73F26047BED007BFC9D /* UIRefreshControl+AFNetworking.h */ = {isa = PBXFileReference; fileEncoding = 4; lastKnownFileType = sourcecode.c.h; path = "UIRefreshControl+AFNetworking.h"; sourceTree = "<group>"; };
		6815D74026047BED007BFC9D /* AFNetworkActivityIndicatorManager.h */ = {isa = PBXFileReference; fileEncoding = 4; lastKnownFileType = sourcecode.c.h; path = AFNetworkActivityIndicatorManager.h; sourceTree = "<group>"; };
		6815D74126047BED007BFC9D /* AFAutoPurgingImageCache.m */ = {isa = PBXFileReference; fileEncoding = 4; lastKnownFileType = sourcecode.c.objc; path = AFAutoPurgingImageCache.m; sourceTree = "<group>"; };
		6815D74226047BED007BFC9D /* AFImageDownloader.m */ = {isa = PBXFileReference; fileEncoding = 4; lastKnownFileType = sourcecode.c.objc; path = AFImageDownloader.m; sourceTree = "<group>"; };
		6815D74326047BED007BFC9D /* UIActivityIndicatorView+AFNetworking.m */ = {isa = PBXFileReference; fileEncoding = 4; lastKnownFileType = sourcecode.c.objc; path = "UIActivityIndicatorView+AFNetworking.m"; sourceTree = "<group>"; };
		6815D74426047BED007BFC9D /* WKWebView+AFNetworking.m */ = {isa = PBXFileReference; fileEncoding = 4; lastKnownFileType = sourcecode.c.objc; path = "WKWebView+AFNetworking.m"; sourceTree = "<group>"; };
		6815D74526047BED007BFC9D /* UIButton+AFNetworking.m */ = {isa = PBXFileReference; fileEncoding = 4; lastKnownFileType = sourcecode.c.objc; path = "UIButton+AFNetworking.m"; sourceTree = "<group>"; };
		6815D74626047BED007BFC9D /* UIImageView+AFNetworking.m */ = {isa = PBXFileReference; fileEncoding = 4; lastKnownFileType = sourcecode.c.objc; path = "UIImageView+AFNetworking.m"; sourceTree = "<group>"; };
		6815D74726047BED007BFC9D /* UIProgressView+AFNetworking.h */ = {isa = PBXFileReference; fileEncoding = 4; lastKnownFileType = sourcecode.c.h; path = "UIProgressView+AFNetworking.h"; sourceTree = "<group>"; };
		6815D76C26048766007BFC9D /* LICENSE.md */ = {isa = PBXFileReference; fileEncoding = 4; lastKnownFileType = net.daringfireball.markdown; path = LICENSE.md; sourceTree = "<group>"; };
		6815D76E26048766007BFC9D /* IQKeyboardManager.m */ = {isa = PBXFileReference; fileEncoding = 4; lastKnownFileType = sourcecode.c.objc; path = IQKeyboardManager.m; sourceTree = "<group>"; };
		6815D76F26048766007BFC9D /* IQKeyboardReturnKeyHandler.m */ = {isa = PBXFileReference; fileEncoding = 4; lastKnownFileType = sourcecode.c.objc; path = IQKeyboardReturnKeyHandler.m; sourceTree = "<group>"; };
		6815D77126048766007BFC9D /* IQKeyboardManagerConstants.h */ = {isa = PBXFileReference; fileEncoding = 4; lastKnownFileType = sourcecode.c.h; path = IQKeyboardManagerConstants.h; sourceTree = "<group>"; };
		6815D77226048766007BFC9D /* IQKeyboardManagerConstantsInternal.h */ = {isa = PBXFileReference; fileEncoding = 4; lastKnownFileType = sourcecode.c.h; path = IQKeyboardManagerConstantsInternal.h; sourceTree = "<group>"; };
		6815D77426048767007BFC9D /* IQBarButtonItem.m */ = {isa = PBXFileReference; fileEncoding = 4; lastKnownFileType = sourcecode.c.objc; path = IQBarButtonItem.m; sourceTree = "<group>"; };
		6815D77526048767007BFC9D /* IQUIView+IQKeyboardToolbar.m */ = {isa = PBXFileReference; fileEncoding = 4; lastKnownFileType = sourcecode.c.objc; path = "IQUIView+IQKeyboardToolbar.m"; sourceTree = "<group>"; };
		6815D77626048767007BFC9D /* IQPreviousNextView.h */ = {isa = PBXFileReference; fileEncoding = 4; lastKnownFileType = sourcecode.c.h; path = IQPreviousNextView.h; sourceTree = "<group>"; };
		6815D77726048767007BFC9D /* IQToolbar.m */ = {isa = PBXFileReference; fileEncoding = 4; lastKnownFileType = sourcecode.c.objc; path = IQToolbar.m; sourceTree = "<group>"; };
		6815D77826048767007BFC9D /* IQTitleBarButtonItem.h */ = {isa = PBXFileReference; fileEncoding = 4; lastKnownFileType = sourcecode.c.h; path = IQTitleBarButtonItem.h; sourceTree = "<group>"; };
		6815D77926048767007BFC9D /* IQPreviousNextView.m */ = {isa = PBXFileReference; fileEncoding = 4; lastKnownFileType = sourcecode.c.objc; path = IQPreviousNextView.m; sourceTree = "<group>"; };
		6815D77A26048767007BFC9D /* IQBarButtonItem.h */ = {isa = PBXFileReference; fileEncoding = 4; lastKnownFileType = sourcecode.c.h; path = IQBarButtonItem.h; sourceTree = "<group>"; };
		6815D77B26048767007BFC9D /* IQUIView+IQKeyboardToolbar.h */ = {isa = PBXFileReference; fileEncoding = 4; lastKnownFileType = sourcecode.c.h; path = "IQUIView+IQKeyboardToolbar.h"; sourceTree = "<group>"; };
		6815D77C26048767007BFC9D /* IQToolbar.h */ = {isa = PBXFileReference; fileEncoding = 4; lastKnownFileType = sourcecode.c.h; path = IQToolbar.h; sourceTree = "<group>"; };
		6815D77D26048767007BFC9D /* IQTitleBarButtonItem.m */ = {isa = PBXFileReference; fileEncoding = 4; lastKnownFileType = sourcecode.c.objc; path = IQTitleBarButtonItem.m; sourceTree = "<group>"; };
		6815D77F26048767007BFC9D /* IQUIView+Hierarchy.m */ = {isa = PBXFileReference; fileEncoding = 4; lastKnownFileType = sourcecode.c.objc; path = "IQUIView+Hierarchy.m"; sourceTree = "<group>"; };
		6815D78026048767007BFC9D /* IQUIScrollView+Additions.h */ = {isa = PBXFileReference; fileEncoding = 4; lastKnownFileType = sourcecode.c.h; path = "IQUIScrollView+Additions.h"; sourceTree = "<group>"; };
		6815D78126048767007BFC9D /* IQNSArray+Sort.m */ = {isa = PBXFileReference; fileEncoding = 4; lastKnownFileType = sourcecode.c.objc; path = "IQNSArray+Sort.m"; sourceTree = "<group>"; };
		6815D78226048767007BFC9D /* IQUITextFieldView+Additions.m */ = {isa = PBXFileReference; fileEncoding = 4; lastKnownFileType = sourcecode.c.objc; path = "IQUITextFieldView+Additions.m"; sourceTree = "<group>"; };
		6815D78326048767007BFC9D /* IQUIViewController+Additions.m */ = {isa = PBXFileReference; fileEncoding = 4; lastKnownFileType = sourcecode.c.objc; path = "IQUIViewController+Additions.m"; sourceTree = "<group>"; };
		6815D78426048767007BFC9D /* IQNSArray+Sort.h */ = {isa = PBXFileReference; fileEncoding = 4; lastKnownFileType = sourcecode.c.h; path = "IQNSArray+Sort.h"; sourceTree = "<group>"; };
		6815D78526048767007BFC9D /* IQUIScrollView+Additions.m */ = {isa = PBXFileReference; fileEncoding = 4; lastKnownFileType = sourcecode.c.objc; path = "IQUIScrollView+Additions.m"; sourceTree = "<group>"; };
		6815D78626048767007BFC9D /* IQUIView+Hierarchy.h */ = {isa = PBXFileReference; fileEncoding = 4; lastKnownFileType = sourcecode.c.h; path = "IQUIView+Hierarchy.h"; sourceTree = "<group>"; };
		6815D78726048767007BFC9D /* IQUITextFieldView+Additions.h */ = {isa = PBXFileReference; fileEncoding = 4; lastKnownFileType = sourcecode.c.h; path = "IQUITextFieldView+Additions.h"; sourceTree = "<group>"; };
		6815D78826048767007BFC9D /* IQUIViewController+Additions.h */ = {isa = PBXFileReference; fileEncoding = 4; lastKnownFileType = sourcecode.c.h; path = "IQUIViewController+Additions.h"; sourceTree = "<group>"; };
		6815D78A26048767007BFC9D /* IQTextView.m */ = {isa = PBXFileReference; fileEncoding = 4; lastKnownFileType = sourcecode.c.objc; path = IQTextView.m; sourceTree = "<group>"; };
		6815D78B26048767007BFC9D /* IQTextView.h */ = {isa = PBXFileReference; fileEncoding = 4; lastKnownFileType = sourcecode.c.h; path = IQTextView.h; sourceTree = "<group>"; };
		6815D78C26048767007BFC9D /* IQKeyboardReturnKeyHandler.h */ = {isa = PBXFileReference; fileEncoding = 4; lastKnownFileType = sourcecode.c.h; path = IQKeyboardReturnKeyHandler.h; sourceTree = "<group>"; };
		6815D78D26048767007BFC9D /* IQKeyboardManager.h */ = {isa = PBXFileReference; fileEncoding = 4; lastKnownFileType = sourcecode.c.h; path = IQKeyboardManager.h; sourceTree = "<group>"; };
		6815D78E26048767007BFC9D /* README.md */ = {isa = PBXFileReference; fileEncoding = 4; lastKnownFileType = net.daringfireball.markdown; path = README.md; sourceTree = "<group>"; };
		686D0A9A2600B3D400781075 /* MBProgressHUD.h */ = {isa = PBXFileReference; fileEncoding = 4; lastKnownFileType = sourcecode.c.h; path = MBProgressHUD.h; sourceTree = "<group>"; };
		686D0A9B2600B3D400781075 /* MBProgressHUD.m */ = {isa = PBXFileReference; fileEncoding = 4; lastKnownFileType = sourcecode.c.objc; path = MBProgressHUD.m; sourceTree = "<group>"; };
		686D0A9E2600B3D400781075 /* NSObject+MJProperty.h */ = {isa = PBXFileReference; fileEncoding = 4; lastKnownFileType = sourcecode.c.h; path = "NSObject+MJProperty.h"; sourceTree = "<group>"; };
		686D0A9F2600B3D400781075 /* MJProperty.h */ = {isa = PBXFileReference; fileEncoding = 4; lastKnownFileType = sourcecode.c.h; path = MJProperty.h; sourceTree = "<group>"; };
		686D0AA02600B3D400781075 /* MJPropertyKey.m */ = {isa = PBXFileReference; fileEncoding = 4; lastKnownFileType = sourcecode.c.objc; path = MJPropertyKey.m; sourceTree = "<group>"; };
		686D0AA12600B3D400781075 /* MJFoundation.h */ = {isa = PBXFileReference; fileEncoding = 4; lastKnownFileType = sourcecode.c.h; path = MJFoundation.h; sourceTree = "<group>"; };
		686D0AA22600B3D400781075 /* MJExtensionConst.m */ = {isa = PBXFileReference; fileEncoding = 4; lastKnownFileType = sourcecode.c.objc; path = MJExtensionConst.m; sourceTree = "<group>"; };
		686D0AA32600B3D400781075 /* NSObject+MJCoding.h */ = {isa = PBXFileReference; fileEncoding = 4; lastKnownFileType = sourcecode.c.h; path = "NSObject+MJCoding.h"; sourceTree = "<group>"; };
		686D0AA42600B3D400781075 /* NSObject+MJKeyValue.m */ = {isa = PBXFileReference; fileEncoding = 4; lastKnownFileType = sourcecode.c.objc; path = "NSObject+MJKeyValue.m"; sourceTree = "<group>"; };
		686D0AA52600B3D400781075 /* NSObject+MJClass.h */ = {isa = PBXFileReference; fileEncoding = 4; lastKnownFileType = sourcecode.c.h; path = "NSObject+MJClass.h"; sourceTree = "<group>"; };
		686D0AA62600B3D400781075 /* MJExtension.h */ = {isa = PBXFileReference; fileEncoding = 4; lastKnownFileType = sourcecode.c.h; path = MJExtension.h; sourceTree = "<group>"; };
		686D0AA72600B3D400781075 /* MJPropertyType.h */ = {isa = PBXFileReference; fileEncoding = 4; lastKnownFileType = sourcecode.c.h; path = MJPropertyType.h; sourceTree = "<group>"; };
		686D0AA82600B3D400781075 /* NSString+MJExtension.m */ = {isa = PBXFileReference; fileEncoding = 4; lastKnownFileType = sourcecode.c.objc; path = "NSString+MJExtension.m"; sourceTree = "<group>"; };
		686D0AA92600B3D400781075 /* MJProperty.m */ = {isa = PBXFileReference; fileEncoding = 4; lastKnownFileType = sourcecode.c.objc; path = MJProperty.m; sourceTree = "<group>"; };
		686D0AAA2600B3D400781075 /* NSObject+MJProperty.m */ = {isa = PBXFileReference; fileEncoding = 4; lastKnownFileType = sourcecode.c.objc; path = "NSObject+MJProperty.m"; sourceTree = "<group>"; };
		686D0AAB2600B3D400781075 /* MJFoundation.m */ = {isa = PBXFileReference; fileEncoding = 4; lastKnownFileType = sourcecode.c.objc; path = MJFoundation.m; sourceTree = "<group>"; };
		686D0AAC2600B3D400781075 /* MJPropertyKey.h */ = {isa = PBXFileReference; fileEncoding = 4; lastKnownFileType = sourcecode.c.h; path = MJPropertyKey.h; sourceTree = "<group>"; };
		686D0AAD2600B3D400781075 /* NSObject+MJClass.m */ = {isa = PBXFileReference; fileEncoding = 4; lastKnownFileType = sourcecode.c.objc; path = "NSObject+MJClass.m"; sourceTree = "<group>"; };
		686D0AAE2600B3D400781075 /* NSObject+MJKeyValue.h */ = {isa = PBXFileReference; fileEncoding = 4; lastKnownFileType = sourcecode.c.h; path = "NSObject+MJKeyValue.h"; sourceTree = "<group>"; };
		686D0AAF2600B3D400781075 /* MJExtensionConst.h */ = {isa = PBXFileReference; fileEncoding = 4; lastKnownFileType = sourcecode.c.h; path = MJExtensionConst.h; sourceTree = "<group>"; };
		686D0AB02600B3D400781075 /* NSObject+MJCoding.m */ = {isa = PBXFileReference; fileEncoding = 4; lastKnownFileType = sourcecode.c.objc; path = "NSObject+MJCoding.m"; sourceTree = "<group>"; };
		686D0AB12600B3D400781075 /* NSString+MJExtension.h */ = {isa = PBXFileReference; fileEncoding = 4; lastKnownFileType = sourcecode.c.h; path = "NSString+MJExtension.h"; sourceTree = "<group>"; };
		686D0AB22600B3D400781075 /* MJPropertyType.m */ = {isa = PBXFileReference; fileEncoding = 4; lastKnownFileType = sourcecode.c.objc; path = MJPropertyType.m; sourceTree = "<group>"; };
		686D0B162600B43700781075 /* CoreServices.framework */ = {isa = PBXFileReference; lastKnownFileType = wrapper.framework; name = CoreServices.framework; path = System/Library/Frameworks/CoreServices.framework; sourceTree = SDKROOT; };
		686D0B182600B43F00781075 /* WebKit.framework */ = {isa = PBXFileReference; lastKnownFileType = wrapper.framework; name = WebKit.framework; path = System/Library/Frameworks/WebKit.framework; sourceTree = SDKROOT; };
		686D0B1A2600B46A00781075 /* UIKit.framework */ = {isa = PBXFileReference; lastKnownFileType = wrapper.framework; name = UIKit.framework; path = System/Library/Frameworks/UIKit.framework; sourceTree = SDKROOT; };
		686D0B1C2600B47100781075 /* AVFoundation.framework */ = {isa = PBXFileReference; lastKnownFileType = wrapper.framework; name = AVFoundation.framework; path = System/Library/Frameworks/AVFoundation.framework; sourceTree = SDKROOT; };
		686D0B1E2600B48700781075 /* AudioToolbox.framework */ = {isa = PBXFileReference; lastKnownFileType = wrapper.framework; name = AudioToolbox.framework; path = System/Library/Frameworks/AudioToolbox.framework; sourceTree = SDKROOT; };
		686D0B202600B49100781075 /* CoreMedia.framework */ = {isa = PBXFileReference; lastKnownFileType = wrapper.framework; name = CoreMedia.framework; path = System/Library/Frameworks/CoreMedia.framework; sourceTree = SDKROOT; };
		686D0B222600B49A00781075 /* ExternalAccessory.framework */ = {isa = PBXFileReference; lastKnownFileType = wrapper.framework; name = ExternalAccessory.framework; path = System/Library/Frameworks/ExternalAccessory.framework; sourceTree = SDKROOT; };
		686D0B242600B4A800781075 /* CoreVideo.framework */ = {isa = PBXFileReference; lastKnownFileType = wrapper.framework; name = CoreVideo.framework; path = System/Library/Frameworks/CoreVideo.framework; sourceTree = SDKROOT; };
		686D0B262600B4B300781075 /* Accelerate.framework */ = {isa = PBXFileReference; lastKnownFileType = wrapper.framework; name = Accelerate.framework; path = System/Library/Frameworks/Accelerate.framework; sourceTree = SDKROOT; };
		686D0B282600B4BF00781075 /* Security.framework */ = {isa = PBXFileReference; lastKnownFileType = wrapper.framework; name = Security.framework; path = System/Library/Frameworks/Security.framework; sourceTree = SDKROOT; };
		686D0B2A2600B4C600781075 /* SystemConfiguration.framework */ = {isa = PBXFileReference; lastKnownFileType = wrapper.framework; name = SystemConfiguration.framework; path = System/Library/Frameworks/SystemConfiguration.framework; sourceTree = SDKROOT; };
		686D0B2C2600B4D000781075 /* CoreTelephony.framework */ = {isa = PBXFileReference; lastKnownFileType = wrapper.framework; name = CoreTelephony.framework; path = System/Library/Frameworks/CoreTelephony.framework; sourceTree = SDKROOT; };
		686D0B2E2600B4D800781075 /* ImageIO.framework */ = {isa = PBXFileReference; lastKnownFileType = wrapper.framework; name = ImageIO.framework; path = System/Library/Frameworks/ImageIO.framework; sourceTree = SDKROOT; };
		686D0B302600B4E000781075 /* CoreLocation.framework */ = {isa = PBXFileReference; lastKnownFileType = wrapper.framework; name = CoreLocation.framework; path = System/Library/Frameworks/CoreLocation.framework; sourceTree = SDKROOT; };
		686D0B322600B4E800781075 /* AdSupport.framework */ = {isa = PBXFileReference; lastKnownFileType = wrapper.framework; name = AdSupport.framework; path = System/Library/Frameworks/AdSupport.framework; sourceTree = SDKROOT; };
		686D0B342600B4F200781075 /* libc++.tbd */ = {isa = PBXFileReference; lastKnownFileType = "sourcecode.text-based-dylib-definition"; name = "libc++.tbd"; path = "usr/lib/libc++.tbd"; sourceTree = SDKROOT; };
		686D0B362600B4FE00781075 /* libbz2.tbd */ = {isa = PBXFileReference; lastKnownFileType = "sourcecode.text-based-dylib-definition"; name = libbz2.tbd; path = usr/lib/libbz2.tbd; sourceTree = SDKROOT; };
		686D0B382600B50B00781075 /* libstdc++.tbd */ = {isa = PBXFileReference; lastKnownFileType = "sourcecode.text-based-dylib-definition"; name = "libstdc++.tbd"; path = "usr/lib/libstdc++.tbd"; sourceTree = SDKROOT; };
		686D0B3A2600B51300781075 /* libz.tbd */ = {isa = PBXFileReference; lastKnownFileType = "sourcecode.text-based-dylib-definition"; name = libz.tbd; path = usr/lib/libz.tbd; sourceTree = SDKROOT; };
		686D0B502600EB9800781075 /* AppDelegate.m */ = {isa = PBXFileReference; fileEncoding = 4; lastKnownFileType = sourcecode.c.objc; path = AppDelegate.m; sourceTree = "<group>"; };
		686D0B512600EB9800781075 /* AppDelegate.h */ = {isa = PBXFileReference; fileEncoding = 4; lastKnownFileType = sourcecode.c.h; path = AppDelegate.h; sourceTree = "<group>"; };
		686D0B532600ED4300781075 /* main.m */ = {isa = PBXFileReference; fileEncoding = 4; lastKnownFileType = sourcecode.c.objc; path = main.m; sourceTree = "<group>"; };
		68B783DF26019850001F2648 /* ufa_wb.bundle */ = {isa = PBXFileReference; lastKnownFileType = "wrapper.plug-in"; path = ufa_wb.bundle; sourceTree = "<group>"; };
		68B783E026019850001F2648 /* WBCloudReflectionFaceVerify.bundle */ = {isa = PBXFileReference; lastKnownFileType = "wrapper.plug-in"; path = WBCloudReflectionFaceVerify.bundle; sourceTree = "<group>"; };
		68B783E126019850001F2648 /* PEDat_wb.bundle */ = {isa = PBXFileReference; lastKnownFileType = "wrapper.plug-in"; path = PEDat_wb.bundle; sourceTree = "<group>"; };
		68B783E226019850001F2648 /* detector_wb.bundle */ = {isa = PBXFileReference; lastKnownFileType = "wrapper.plug-in"; path = detector_wb.bundle; sourceTree = "<group>"; };
		68B783E426019850001F2648 /* NextCV.framework */ = {isa = PBXFileReference; lastKnownFileType = wrapper.framework; path = NextCV.framework; sourceTree = "<group>"; };
		68B783E526019850001F2648 /* rapidnet_ios.framework */ = {isa = PBXFileReference; lastKnownFileType = wrapper.framework; path = rapidnet_ios.framework; sourceTree = "<group>"; };
		68B783E626019850001F2648 /* WBCloudReflectionFaceVerify.framework */ = {isa = PBXFileReference; lastKnownFileType = wrapper.framework; path = WBCloudReflectionFaceVerify.framework; sourceTree = "<group>"; };
		68B783E726019850001F2648 /* YTPoseDetector.framework */ = {isa = PBXFileReference; lastKnownFileType = wrapper.framework; path = YTPoseDetector.framework; sourceTree = "<group>"; };
		68B783E826019851001F2648 /* faceLiveReflect.framework */ = {isa = PBXFileReference; lastKnownFileType = wrapper.framework; path = faceLiveReflect.framework; sourceTree = "<group>"; };
		68B783E926019851001F2648 /* YTTrackPro.framework */ = {isa = PBXFileReference; lastKnownFileType = wrapper.framework; path = YTTrackPro.framework; sourceTree = "<group>"; };
		68B783EA26019851001F2648 /* YTCommon.framework */ = {isa = PBXFileReference; lastKnownFileType = wrapper.framework; path = YTCommon.framework; sourceTree = "<group>"; };
		68B783EB26019851001F2648 /* YTIllumination.framework */ = {isa = PBXFileReference; lastKnownFileType = wrapper.framework; path = YTIllumination.framework; sourceTree = "<group>"; };
		68B783EC26019851001F2648 /* WBCloudReflectionFaceVerify_framework.podspec */ = {isa = PBXFileReference; fileEncoding = 4; lastKnownFileType = text; path = WBCloudReflectionFaceVerify_framework.podspec; sourceTree = "<group>"; };
		68B783EE26019851001F2648 /* SigningResources.bundle */ = {isa = PBXFileReference; lastKnownFileType = "wrapper.plug-in"; path = SigningResources.bundle; sourceTree = "<group>"; };
		68B783EF26019851001F2648 /* CloudroomVideoSDK_IOS.framework */ = {isa = PBXFileReference; lastKnownFileType = wrapper.framework; path = CloudroomVideoSDK_IOS.framework; sourceTree = "<group>"; };
		68B784502601F7F3001F2648 /* UtilsMacros.h */ = {isa = PBXFileReference; fileEncoding = 4; lastKnownFileType = sourcecode.c.h; path = UtilsMacros.h; sourceTree = "<group>"; };
		716F3B214F9BF043DCDD56FF /* Pods_Runner.framework */ = {isa = PBXFileReference; explicitFileType = wrapper.framework; includeInIndex = 0; path = Pods_Runner.framework; sourceTree = BUILT_PRODUCTS_DIR; };
		74858FAD1ED2DC5600515810 /* Runner-Bridging-Header.h */ = {isa = PBXFileReference; lastKnownFileType = sourcecode.c.h; path = "Runner-Bridging-Header.h"; sourceTree = "<group>"; };
		78C3EA193CC916B6DE84C2C6 /* Pods-Runner.release.xcconfig */ = {isa = PBXFileReference; includeInIndex = 1; lastKnownFileType = text.xcconfig; name = "Pods-Runner.release.xcconfig"; path = "Target Support Files/Pods-Runner/Pods-Runner.release.xcconfig"; sourceTree = "<group>"; };
		7AFA3C8E1D35360C0083082E /* Release.xcconfig */ = {isa = PBXFileReference; lastKnownFileType = text.xcconfig; name = Release.xcconfig; path = Flutter/Release.xcconfig; sourceTree = "<group>"; };
		9740EEB21CF90195004384FC /* Debug.xcconfig */ = {isa = PBXFileReference; fileEncoding = 4; lastKnownFileType = text.xcconfig; name = Debug.xcconfig; path = Flutter/Debug.xcconfig; sourceTree = "<group>"; };
		9740EEB31CF90195004384FC /* Generated.xcconfig */ = {isa = PBXFileReference; fileEncoding = 4; lastKnownFileType = text.xcconfig; name = Generated.xcconfig; path = Flutter/Generated.xcconfig; sourceTree = "<group>"; };
		97C146EE1CF9000F007C117D /* Runner.app */ = {isa = PBXFileReference; explicitFileType = wrapper.application; includeInIndex = 0; path = Runner.app; sourceTree = BUILT_PRODUCTS_DIR; };
		97C146FB1CF9000F007C117D /* Base */ = {isa = PBXFileReference; lastKnownFileType = file.storyboard; name = Base; path = Base.lproj/Main.storyboard; sourceTree = "<group>"; };
		97C146FD1CF9000F007C117D /* Assets.xcassets */ = {isa = PBXFileReference; lastKnownFileType = folder.assetcatalog; path = Assets.xcassets; sourceTree = "<group>"; };
		97C147001CF9000F007C117D /* Base */ = {isa = PBXFileReference; lastKnownFileType = file.storyboard; name = Base; path = Base.lproj/LaunchScreen.storyboard; sourceTree = "<group>"; };
		97C147021CF9000F007C117D /* Info.plist */ = {isa = PBXFileReference; lastKnownFileType = text.plist.xml; path = Info.plist; sourceTree = "<group>"; };
		97C9494E89CE617E8A5D54C9 /* Pods-Runner.profile.xcconfig */ = {isa = PBXFileReference; includeInIndex = 1; lastKnownFileType = text.xcconfig; name = "Pods-Runner.profile.xcconfig"; path = "Target Support Files/Pods-Runner/Pods-Runner.profile.xcconfig"; sourceTree = "<group>"; };
/* End PBXFileReference section */

/* Begin PBXFrameworksBuildPhase section */
		97C146EB1CF9000F007C117D /* Frameworks */ = {
			isa = PBXFrameworksBuildPhase;
			buildActionMask = 2147483647;
			files = (
				686D0B3B2600B51300781075 /* libz.tbd in Frameworks */,
				68B783F426019851001F2648 /* NextCV.framework in Frameworks */,
				686D0B392600B50B00781075 /* libstdc++.tbd in Frameworks */,
				686D0B372600B4FE00781075 /* libbz2.tbd in Frameworks */,
				68B783F626019851001F2648 /* WBCloudReflectionFaceVerify.framework in Frameworks */,
				686D0B352600B4F200781075 /* libc++.tbd in Frameworks */,
				686D0B332600B4E800781075 /* AdSupport.framework in Frameworks */,
				686D0B312600B4E100781075 /* CoreLocation.framework in Frameworks */,
				686D0B2F2600B4D800781075 /* ImageIO.framework in Frameworks */,
				686D0B2D2600B4D000781075 /* CoreTelephony.framework in Frameworks */,
				68B783F726019851001F2648 /* YTPoseDetector.framework in Frameworks */,
				686D0B2B2600B4C600781075 /* SystemConfiguration.framework in Frameworks */,
				686D0B292600B4BF00781075 /* Security.framework in Frameworks */,
				47E5ABB8260DA1B0000E0FB1 /* SigningEyeSDK.framework in Frameworks */,
				686D0B272600B4B300781075 /* Accelerate.framework in Frameworks */,
				686D0B252600B4A800781075 /* CoreVideo.framework in Frameworks */,
				686D0B232600B49A00781075 /* ExternalAccessory.framework in Frameworks */,
				68B78400260198CB001F2648 /* CloudroomVideoSDK_IOS.framework in Frameworks */,
				686D0B212600B49200781075 /* CoreMedia.framework in Frameworks */,
				68B783F926019851001F2648 /* YTTrackPro.framework in Frameworks */,
				68B783FB26019851001F2648 /* YTIllumination.framework in Frameworks */,
				686D0B1F2600B48700781075 /* AudioToolbox.framework in Frameworks */,
				686D0B1D2600B47100781075 /* AVFoundation.framework in Frameworks */,
				68B783F526019851001F2648 /* rapidnet_ios.framework in Frameworks */,
				68B783F826019851001F2648 /* faceLiveReflect.framework in Frameworks */,
				686D0B1B2600B46A00781075 /* UIKit.framework in Frameworks */,
				68B783FA26019851001F2648 /* YTCommon.framework in Frameworks */,
				686D0B192600B43F00781075 /* WebKit.framework in Frameworks */,
				686D0B172600B43700781075 /* CoreServices.framework in Frameworks */,
				B0E564753724D458297B7E7D /* Pods_Runner.framework in Frameworks */,
			);
			runOnlyForDeploymentPostprocessing = 0;
		};
/* End PBXFrameworksBuildPhase section */

/* Begin PBXGroup section */
		4B1C87E5CE8229C255763912 /* Pods */ = {
			isa = PBXGroup;
			children = (
				6805F576739CE86F7DAD4B3A /* Pods-Runner.debug.xcconfig */,
				78C3EA193CC916B6DE84C2C6 /* Pods-Runner.release.xcconfig */,
				97C9494E89CE617E8A5D54C9 /* Pods-Runner.profile.xcconfig */,
			);
			path = Pods;
			sourceTree = "<group>";
		};
		6815D71926047BED007BFC9D /* AFNetworking */ = {
			isa = PBXGroup;
			children = (
				6815D71A26047BED007BFC9D /* .ruby-gemset */,
				6815D71B26047BED007BFC9D /* .cocoadocs.yml */,
				6815D71C26047BED007BFC9D /* .codecov.yml */,
				6815D71D26047BED007BFC9D /* .ruby-version */,
				6815D71E26047BED007BFC9D /* AFNetworking */,
				6815D72D26047BED007BFC9D /* .gitignore */,
				6815D72E26047BED007BFC9D /* .github */,
				6815D73426047BED007BFC9D /* UIKit+AFNetworking */,
			);
			path = AFNetworking;
			sourceTree = "<group>";
		};
		6815D71E26047BED007BFC9D /* AFNetworking */ = {
			isa = PBXGroup;
			children = (
				6815D71F26047BED007BFC9D /* AFSecurityPolicy.m */,
				6815D72026047BED007BFC9D /* AFURLResponseSerialization.h */,
				6815D72126047BED007BFC9D /* AFHTTPSessionManager.m */,
				6815D72226047BED007BFC9D /* AFURLRequestSerialization.m */,
				6815D72326047BED007BFC9D /* AFURLSessionManager.m */,
				6815D72426047BED007BFC9D /* AFNetworkReachabilityManager.m */,
				6815D72526047BED007BFC9D /* AFSecurityPolicy.h */,
				6815D72626047BED007BFC9D /* AFNetworking.h */,
				6815D72726047BED007BFC9D /* AFCompatibilityMacros.h */,
				6815D72826047BED007BFC9D /* AFURLSessionManager.h */,
				6815D72926047BED007BFC9D /* AFNetworkReachabilityManager.h */,
				6815D72A26047BED007BFC9D /* AFURLRequestSerialization.h */,
				6815D72B26047BED007BFC9D /* AFHTTPSessionManager.h */,
				6815D72C26047BED007BFC9D /* AFURLResponseSerialization.m */,
			);
			path = AFNetworking;
			sourceTree = "<group>";
		};
		6815D72E26047BED007BFC9D /* .github */ = {
			isa = PBXGroup;
			children = (
				6815D72F26047BED007BFC9D /* workflows */,
				6815D73126047BED007BFC9D /* stale.yml */,
				6815D73226047BED007BFC9D /* pull_request_template.md */,
				6815D73326047BED007BFC9D /* issue_template.md */,
			);
			path = .github;
			sourceTree = "<group>";
		};
		6815D72F26047BED007BFC9D /* workflows */ = {
			isa = PBXGroup;
			children = (
				6815D73026047BED007BFC9D /* ci.yml */,
			);
			path = workflows;
			sourceTree = "<group>";
		};
		6815D73426047BED007BFC9D /* UIKit+AFNetworking */ = {
			isa = PBXGroup;
			children = (
				6815D73526047BED007BFC9D /* UIRefreshControl+AFNetworking.m */,
				6815D73626047BED007BFC9D /* UIKit+AFNetworking.h */,
				6815D73726047BED007BFC9D /* AFAutoPurgingImageCache.h */,
				6815D73826047BED007BFC9D /* AFNetworkActivityIndicatorManager.m */,
				6815D73926047BED007BFC9D /* UIActivityIndicatorView+AFNetworking.h */,
				6815D73A26047BED007BFC9D /* WKWebView+AFNetworking.h */,
				6815D73B26047BED007BFC9D /* AFImageDownloader.h */,
				6815D73C26047BED007BFC9D /* UIProgressView+AFNetworking.m */,
				6815D73D26047BED007BFC9D /* UIImageView+AFNetworking.h */,
				6815D73E26047BED007BFC9D /* UIButton+AFNetworking.h */,
				6815D73F26047BED007BFC9D /* UIRefreshControl+AFNetworking.h */,
				6815D74026047BED007BFC9D /* AFNetworkActivityIndicatorManager.h */,
				6815D74126047BED007BFC9D /* AFAutoPurgingImageCache.m */,
				6815D74226047BED007BFC9D /* AFImageDownloader.m */,
				6815D74326047BED007BFC9D /* UIActivityIndicatorView+AFNetworking.m */,
				6815D74426047BED007BFC9D /* WKWebView+AFNetworking.m */,
				6815D74526047BED007BFC9D /* UIButton+AFNetworking.m */,
				6815D74626047BED007BFC9D /* UIImageView+AFNetworking.m */,
				6815D74726047BED007BFC9D /* UIProgressView+AFNetworking.h */,
			);
			path = "UIKit+AFNetworking";
			sourceTree = "<group>";
		};
		6815D76B26048766007BFC9D /* IQKeyboardManager */ = {
			isa = PBXGroup;
			children = (
				6815D76C26048766007BFC9D /* LICENSE.md */,
				6815D76D26048766007BFC9D /* IQKeyboardManager */,
				6815D78E26048767007BFC9D /* README.md */,
			);
			path = IQKeyboardManager;
			sourceTree = "<group>";
		};
		6815D76D26048766007BFC9D /* IQKeyboardManager */ = {
			isa = PBXGroup;
			children = (
				6815D76E26048766007BFC9D /* IQKeyboardManager.m */,
				6815D76F26048766007BFC9D /* IQKeyboardReturnKeyHandler.m */,
				6815D77026048766007BFC9D /* Constants */,
				6815D77326048766007BFC9D /* IQToolbar */,
				6815D77E26048767007BFC9D /* Categories */,
				6815D78926048767007BFC9D /* IQTextView */,
				6815D78C26048767007BFC9D /* IQKeyboardReturnKeyHandler.h */,
				6815D78D26048767007BFC9D /* IQKeyboardManager.h */,
			);
			path = IQKeyboardManager;
			sourceTree = "<group>";
		};
		6815D77026048766007BFC9D /* Constants */ = {
			isa = PBXGroup;
			children = (
				6815D77126048766007BFC9D /* IQKeyboardManagerConstants.h */,
				6815D77226048766007BFC9D /* IQKeyboardManagerConstantsInternal.h */,
			);
			path = Constants;
			sourceTree = "<group>";
		};
		6815D77326048766007BFC9D /* IQToolbar */ = {
			isa = PBXGroup;
			children = (
				6815D77426048767007BFC9D /* IQBarButtonItem.m */,
				6815D77526048767007BFC9D /* IQUIView+IQKeyboardToolbar.m */,
				6815D77626048767007BFC9D /* IQPreviousNextView.h */,
				6815D77726048767007BFC9D /* IQToolbar.m */,
				6815D77826048767007BFC9D /* IQTitleBarButtonItem.h */,
				6815D77926048767007BFC9D /* IQPreviousNextView.m */,
				6815D77A26048767007BFC9D /* IQBarButtonItem.h */,
				6815D77B26048767007BFC9D /* IQUIView+IQKeyboardToolbar.h */,
				6815D77C26048767007BFC9D /* IQToolbar.h */,
				6815D77D26048767007BFC9D /* IQTitleBarButtonItem.m */,
			);
			path = IQToolbar;
			sourceTree = "<group>";
		};
		6815D77E26048767007BFC9D /* Categories */ = {
			isa = PBXGroup;
			children = (
				6815D77F26048767007BFC9D /* IQUIView+Hierarchy.m */,
				6815D78026048767007BFC9D /* IQUIScrollView+Additions.h */,
				6815D78126048767007BFC9D /* IQNSArray+Sort.m */,
				6815D78226048767007BFC9D /* IQUITextFieldView+Additions.m */,
				6815D78326048767007BFC9D /* IQUIViewController+Additions.m */,
				6815D78426048767007BFC9D /* IQNSArray+Sort.h */,
				6815D78526048767007BFC9D /* IQUIScrollView+Additions.m */,
				6815D78626048767007BFC9D /* IQUIView+Hierarchy.h */,
				6815D78726048767007BFC9D /* IQUITextFieldView+Additions.h */,
				6815D78826048767007BFC9D /* IQUIViewController+Additions.h */,
			);
			path = Categories;
			sourceTree = "<group>";
		};
		6815D78926048767007BFC9D /* IQTextView */ = {
			isa = PBXGroup;
			children = (
				6815D78A26048767007BFC9D /* IQTextView.m */,
				6815D78B26048767007BFC9D /* IQTextView.h */,
			);
			path = IQTextView;
			sourceTree = "<group>";
		};
		686D0A982600B3D400781075 /* third */ = {
			isa = PBXGroup;
			children = (
				6815D76B26048766007BFC9D /* IQKeyboardManager */,
				6815D71926047BED007BFC9D /* AFNetworking */,
				686D0A992600B3D400781075 /* MBProgressHUD */,
				686D0A9C2600B3D400781075 /* MJExtension */,
			);
			path = third;
			sourceTree = "<group>";
		};
		686D0A992600B3D400781075 /* MBProgressHUD */ = {
			isa = PBXGroup;
			children = (
				686D0A9A2600B3D400781075 /* MBProgressHUD.h */,
				686D0A9B2600B3D400781075 /* MBProgressHUD.m */,
			);
			path = MBProgressHUD;
			sourceTree = "<group>";
		};
		686D0A9C2600B3D400781075 /* MJExtension */ = {
			isa = PBXGroup;
			children = (
				686D0A9D2600B3D400781075 /* MJExtension */,
			);
			path = MJExtension;
			sourceTree = "<group>";
		};
		686D0A9D2600B3D400781075 /* MJExtension */ = {
			isa = PBXGroup;
			children = (
				686D0A9E2600B3D400781075 /* NSObject+MJProperty.h */,
				686D0A9F2600B3D400781075 /* MJProperty.h */,
				686D0AA02600B3D400781075 /* MJPropertyKey.m */,
				686D0AA12600B3D400781075 /* MJFoundation.h */,
				686D0AA22600B3D400781075 /* MJExtensionConst.m */,
				686D0AA32600B3D400781075 /* NSObject+MJCoding.h */,
				686D0AA42600B3D400781075 /* NSObject+MJKeyValue.m */,
				686D0AA52600B3D400781075 /* NSObject+MJClass.h */,
				686D0AA62600B3D400781075 /* MJExtension.h */,
				686D0AA72600B3D400781075 /* MJPropertyType.h */,
				686D0AA82600B3D400781075 /* NSString+MJExtension.m */,
				686D0AA92600B3D400781075 /* MJProperty.m */,
				686D0AAA2600B3D400781075 /* NSObject+MJProperty.m */,
				686D0AAB2600B3D400781075 /* MJFoundation.m */,
				686D0AAC2600B3D400781075 /* MJPropertyKey.h */,
				686D0AAD2600B3D400781075 /* NSObject+MJClass.m */,
				686D0AAE2600B3D400781075 /* NSObject+MJKeyValue.h */,
				686D0AAF2600B3D400781075 /* MJExtensionConst.h */,
				686D0AB02600B3D400781075 /* NSObject+MJCoding.m */,
				686D0AB12600B3D400781075 /* NSString+MJExtension.h */,
				686D0AB22600B3D400781075 /* MJPropertyType.m */,
			);
			path = MJExtension;
			sourceTree = "<group>";
		};
		686D0AD82600B3D400781075 /* QianliyanSDK */ = {
			isa = PBXGroup;
			children = (
				68B783EF26019851001F2648 /* CloudroomVideoSDK_IOS.framework */,
				47E5ABB7260DA1B0000E0FB1 /* SigningEyeSDK.framework */,
				68B783EE26019851001F2648 /* SigningResources.bundle */,
				68B783DD26019850001F2648 /* WBCloudReflectionFaceVerify_framework */,
			);
			path = QianliyanSDK;
			sourceTree = "<group>";
		};
		68B783DD26019850001F2648 /* WBCloudReflectionFaceVerify_framework */ = {
			isa = PBXGroup;
			children = (
				68B783DE26019850001F2648 /* Resources */,
				68B783E326019850001F2648 /* Libs */,
				68B783EC26019851001F2648 /* WBCloudReflectionFaceVerify_framework.podspec */,
			);
			path = WBCloudReflectionFaceVerify_framework;
			sourceTree = "<group>";
		};
		68B783DE26019850001F2648 /* Resources */ = {
			isa = PBXGroup;
			children = (
				68B783DF26019850001F2648 /* ufa_wb.bundle */,
				68B783E026019850001F2648 /* WBCloudReflectionFaceVerify.bundle */,
				68B783E126019850001F2648 /* PEDat_wb.bundle */,
				68B783E226019850001F2648 /* detector_wb.bundle */,
			);
			path = Resources;
			sourceTree = "<group>";
		};
		68B783E326019850001F2648 /* Libs */ = {
			isa = PBXGroup;
			children = (
				68B783E426019850001F2648 /* NextCV.framework */,
				68B783E526019850001F2648 /* rapidnet_ios.framework */,
				68B783E626019850001F2648 /* WBCloudReflectionFaceVerify.framework */,
				68B783E726019850001F2648 /* YTPoseDetector.framework */,
				68B783E826019851001F2648 /* faceLiveReflect.framework */,
				68B783E926019851001F2648 /* YTTrackPro.framework */,
				68B783EA26019851001F2648 /* YTCommon.framework */,
				68B783EB26019851001F2648 /* YTIllumination.framework */,
			);
			path = Libs;
			sourceTree = "<group>";
		};
		68B784512601F86F001F2648 /* Define */ = {
			isa = PBXGroup;
			children = (
				68B784502601F7F3001F2648 /* UtilsMacros.h */,
			);
			path = Define;
			sourceTree = "<group>";
		};
		9740EEB11CF90186004384FC /* Flutter */ = {
			isa = PBXGroup;
			children = (
				3B3967151E833CAA004F5970 /* AppFrameworkInfo.plist */,
				9740EEB21CF90195004384FC /* Debug.xcconfig */,
				7AFA3C8E1D35360C0083082E /* Release.xcconfig */,
				9740EEB31CF90195004384FC /* Generated.xcconfig */,
			);
			name = Flutter;
			sourceTree = "<group>";
		};
		97C146E51CF9000F007C117D = {
			isa = PBXGroup;
			children = (
				9740EEB11CF90186004384FC /* Flutter */,
				97C146F01CF9000F007C117D /* Runner */,
				97C146EF1CF9000F007C117D /* Products */,
				4B1C87E5CE8229C255763912 /* Pods */,
				E424EE7D7CB8EF1ABC8FEEB4 /* Frameworks */,
			);
			sourceTree = "<group>";
		};
		97C146EF1CF9000F007C117D /* Products */ = {
			isa = PBXGroup;
			children = (
				97C146EE1CF9000F007C117D /* Runner.app */,
			);
			name = Products;
			sourceTree = "<group>";
		};
		97C146F01CF9000F007C117D /* Runner */ = {
			isa = PBXGroup;
			children = (
				68B784512601F86F001F2648 /* Define */,
				686D0AD82600B3D400781075 /* QianliyanSDK */,
				686D0A982600B3D400781075 /* third */,
				97C146FA1CF9000F007C117D /* Main.storyboard */,
				97C146FD1CF9000F007C117D /* Assets.xcassets */,
				97C146FF1CF9000F007C117D /* LaunchScreen.storyboard */,
				97C147021CF9000F007C117D /* Info.plist */,
				1498D2321E8E86230040F4C2 /* GeneratedPluginRegistrant.h */,
				1498D2331E8E89220040F4C2 /* GeneratedPluginRegistrant.m */,
				74858FAD1ED2DC5600515810 /* Runner-Bridging-Header.h */,
				686D0B512600EB9800781075 /* AppDelegate.h */,
				686D0B502600EB9800781075 /* AppDelegate.m */,
				686D0B532600ED4300781075 /* main.m */,
			);
			path = Runner;
			sourceTree = "<group>";
		};
		E424EE7D7CB8EF1ABC8FEEB4 /* Frameworks */ = {
			isa = PBXGroup;
			children = (
				686D0B3A2600B51300781075 /* libz.tbd */,
				686D0B382600B50B00781075 /* libstdc++.tbd */,
				686D0B362600B4FE00781075 /* libbz2.tbd */,
				686D0B342600B4F200781075 /* libc++.tbd */,
				686D0B322600B4E800781075 /* AdSupport.framework */,
				686D0B302600B4E000781075 /* CoreLocation.framework */,
				686D0B2E2600B4D800781075 /* ImageIO.framework */,
				686D0B2C2600B4D000781075 /* CoreTelephony.framework */,
				686D0B2A2600B4C600781075 /* SystemConfiguration.framework */,
				686D0B282600B4BF00781075 /* Security.framework */,
				686D0B262600B4B300781075 /* Accelerate.framework */,
				686D0B242600B4A800781075 /* CoreVideo.framework */,
				686D0B222600B49A00781075 /* ExternalAccessory.framework */,
				686D0B202600B49100781075 /* CoreMedia.framework */,
				686D0B1E2600B48700781075 /* AudioToolbox.framework */,
				686D0B1C2600B47100781075 /* AVFoundation.framework */,
				686D0B1A2600B46A00781075 /* UIKit.framework */,
				686D0B182600B43F00781075 /* WebKit.framework */,
				686D0B162600B43700781075 /* CoreServices.framework */,
				716F3B214F9BF043DCDD56FF /* Pods_Runner.framework */,
			);
			name = Frameworks;
			sourceTree = "<group>";
		};
/* End PBXGroup section */

/* Begin PBXNativeTarget section */
		97C146ED1CF9000F007C117D /* Runner */ = {
			isa = PBXNativeTarget;
			buildConfigurationList = 97C147051CF9000F007C117D /* Build configuration list for PBXNativeTarget "Runner" */;
			buildPhases = (
				1B5DCCE052098DA75EE73767 /* [CP] Check Pods Manifest.lock */,
				9740EEB61CF901F6004384FC /* Run Script */,
				97C146EA1CF9000F007C117D /* Sources */,
				97C146EB1CF9000F007C117D /* Frameworks */,
				97C146EC1CF9000F007C117D /* Resources */,
				9705A1C41CF9048500538489 /* Embed Frameworks */,
				3B06AD1E1E4923F5004D2608 /* Thin Binary */,
				3341469C86C69A4A41066566 /* [CP] Embed Pods Frameworks */,
			);
			buildRules = (
			);
			dependencies = (
			);
			name = Runner;
			productName = Runner;
			productReference = 97C146EE1CF9000F007C117D /* Runner.app */;
			productType = "com.apple.product-type.application";
		};
/* End PBXNativeTarget section */

/* Begin PBXProject section */
		97C146E61CF9000F007C117D /* Project object */ = {
			isa = PBXProject;
			attributes = {
				LastUpgradeCheck = 1020;
				ORGANIZATIONNAME = "";
				TargetAttributes = {
					97C146ED1CF9000F007C117D = {
						CreatedOnToolsVersion = 7.3.1;
						LastSwiftMigration = 1100;
					};
				};
			};
			buildConfigurationList = 97C146E91CF9000F007C117D /* Build configuration list for PBXProject "Runner" */;
			compatibilityVersion = "Xcode 9.3";
			developmentRegion = en;
			hasScannedForEncodings = 0;
			knownRegions = (
				en,
				Base,
			);
			mainGroup = 97C146E51CF9000F007C117D;
			productRefGroup = 97C146EF1CF9000F007C117D /* Products */;
			projectDirPath = "";
			projectRoot = "";
			targets = (
				97C146ED1CF9000F007C117D /* Runner */,
			);
		};
/* End PBXProject section */

/* Begin PBXResourcesBuildPhase section */
		97C146EC1CF9000F007C117D /* Resources */ = {
			isa = PBXResourcesBuildPhase;
			buildActionMask = 2147483647;
			files = (
				6815D78F26048767007BFC9D /* LICENSE.md in Resources */,
				97C147011CF9000F007C117D /* LaunchScreen.storyboard in Resources */,
				68B783FE26019851001F2648 /* SigningResources.bundle in Resources */,
				6815D79D26048767007BFC9D /* README.md in Resources */,
				6815D75326047BED007BFC9D /* ci.yml in Resources */,
				6815D74B26047BED007BFC9D /* .ruby-version in Resources */,
				68B783F226019851001F2648 /* PEDat_wb.bundle in Resources */,
				6815D74826047BED007BFC9D /* .ruby-gemset in Resources */,
				68B783F026019851001F2648 /* ufa_wb.bundle in Resources */,
				3B3967161E833CAA004F5970 /* AppFrameworkInfo.plist in Resources */,
				6815D74A26047BED007BFC9D /* .codecov.yml in Resources */,
				68B783FC26019851001F2648 /* WBCloudReflectionFaceVerify_framework.podspec in Resources */,
				68B783F326019851001F2648 /* detector_wb.bundle in Resources */,
				6815D75226047BED007BFC9D /* .gitignore in Resources */,
				68B783F126019851001F2648 /* WBCloudReflectionFaceVerify.bundle in Resources */,
				97C146FE1CF9000F007C117D /* Assets.xcassets in Resources */,
				6815D75426047BED007BFC9D /* stale.yml in Resources */,
				6815D74926047BED007BFC9D /* .cocoadocs.yml in Resources */,
				97C146FC1CF9000F007C117D /* Main.storyboard in Resources */,
				6815D75626047BED007BFC9D /* issue_template.md in Resources */,
				6815D75526047BED007BFC9D /* pull_request_template.md in Resources */,
			);
			runOnlyForDeploymentPostprocessing = 0;
		};
/* End PBXResourcesBuildPhase section */

/* Begin PBXShellScriptBuildPhase section */
		1B5DCCE052098DA75EE73767 /* [CP] Check Pods Manifest.lock */ = {
			isa = PBXShellScriptBuildPhase;
			buildActionMask = 2147483647;
			files = (
			);
			inputFileListPaths = (
			);
			inputPaths = (
				"${PODS_PODFILE_DIR_PATH}/Podfile.lock",
				"${PODS_ROOT}/Manifest.lock",
			);
			name = "[CP] Check Pods Manifest.lock";
			outputFileListPaths = (
			);
			outputPaths = (
				"$(DERIVED_FILE_DIR)/Pods-Runner-checkManifestLockResult.txt",
			);
			runOnlyForDeploymentPostprocessing = 0;
			shellPath = /bin/sh;
			shellScript = "diff \"${PODS_PODFILE_DIR_PATH}/Podfile.lock\" \"${PODS_ROOT}/Manifest.lock\" > /dev/null\nif [ $? != 0 ] ; then\n    # print error to STDERR\n    echo \"error: The sandbox is not in sync with the Podfile.lock. Run 'pod install' or update your CocoaPods installation.\" >&2\n    exit 1\nfi\n# This output is used by Xcode 'outputs' to avoid re-running this script phase.\necho \"SUCCESS\" > \"${SCRIPT_OUTPUT_FILE_0}\"\n";
			showEnvVarsInLog = 0;
		};
		3341469C86C69A4A41066566 /* [CP] Embed Pods Frameworks */ = {
			isa = PBXShellScriptBuildPhase;
			buildActionMask = 2147483647;
			files = (
			);
			inputFileListPaths = (
				"${PODS_ROOT}/Target Support Files/Pods-Runner/Pods-Runner-frameworks-${CONFIGURATION}-input-files.xcfilelist",
			);
			name = "[CP] Embed Pods Frameworks";
			outputFileListPaths = (
				"${PODS_ROOT}/Target Support Files/Pods-Runner/Pods-Runner-frameworks-${CONFIGURATION}-output-files.xcfilelist",
			);
			runOnlyForDeploymentPostprocessing = 0;
			shellPath = /bin/sh;
			shellScript = "\"${PODS_ROOT}/Target Support Files/Pods-Runner/Pods-Runner-frameworks.sh\"\n";
			showEnvVarsInLog = 0;
		};
		3B06AD1E1E4923F5004D2608 /* Thin Binary */ = {
			isa = PBXShellScriptBuildPhase;
			buildActionMask = 2147483647;
			files = (
			);
			inputPaths = (
			);
			name = "Thin Binary";
			outputPaths = (
			);
			runOnlyForDeploymentPostprocessing = 0;
			shellPath = /bin/sh;
			shellScript = "/bin/sh \"$FLUTTER_ROOT/packages/flutter_tools/bin/xcode_backend.sh\" embed_and_thin";
		};
		9740EEB61CF901F6004384FC /* Run Script */ = {
			isa = PBXShellScriptBuildPhase;
			buildActionMask = 2147483647;
			files = (
			);
			inputPaths = (
			);
			name = "Run Script";
			outputPaths = (
			);
			runOnlyForDeploymentPostprocessing = 0;
			shellPath = /bin/sh;
			shellScript = "/bin/sh \"$FLUTTER_ROOT/packages/flutter_tools/bin/xcode_backend.sh\" build\n";
		};
/* End PBXShellScriptBuildPhase section */

/* Begin PBXSourcesBuildPhase section */
		97C146EA1CF9000F007C117D /* Sources */ = {
			isa = PBXSourcesBuildPhase;
			buildActionMask = 2147483647;
			files = (
				6815D79826048767007BFC9D /* IQNSArray+Sort.m in Sources */,
				6815D79026048767007BFC9D /* IQKeyboardManager.m in Sources */,
				686D0B542600ED4300781075 /* main.m in Sources */,
				6815D79926048767007BFC9D /* IQUITextFieldView+Additions.m in Sources */,
				6815D74C26047BED007BFC9D /* AFSecurityPolicy.m in Sources */,
				6815D75E26047BED007BFC9D /* UIButton+AFNetworking.m in Sources */,
				686D0AF62600B3D400781075 /* MJPropertyType.m in Sources */,
				6815D75926047BED007BFC9D /* UIProgressView+AFNetworking.m in Sources */,
				6815D79226048767007BFC9D /* IQBarButtonItem.m in Sources */,
				686D0AF22600B3D400781075 /* NSObject+MJProperty.m in Sources */,
				6815D75F26047BED007BFC9D /* UIImageView+AFNetworking.m in Sources */,
				6815D75826047BED007BFC9D /* AFNetworkActivityIndicatorManager.m in Sources */,
				686D0AEE2600B3D400781075 /* MJExtensionConst.m in Sources */,
				6815D79C26048767007BFC9D /* IQTextView.m in Sources */,
				6815D75B26047BED007BFC9D /* AFImageDownloader.m in Sources */,
				6815D75026047BED007BFC9D /* AFNetworkReachabilityManager.m in Sources */,
				6815D79B26048767007BFC9D /* IQUIScrollView+Additions.m in Sources */,
				6815D79626048767007BFC9D /* IQTitleBarButtonItem.m in Sources */,
				6815D75D26047BED007BFC9D /* WKWebView+AFNetworking.m in Sources */,
				686D0AF32600B3D400781075 /* MJFoundation.m in Sources */,
				686D0AEC2600B3D400781075 /* MBProgressHUD.m in Sources */,
				6815D75726047BED007BFC9D /* UIRefreshControl+AFNetworking.m in Sources */,
				6815D75C26047BED007BFC9D /* UIActivityIndicatorView+AFNetworking.m in Sources */,
				6815D79726048767007BFC9D /* IQUIView+Hierarchy.m in Sources */,
				6815D74D26047BED007BFC9D /* AFHTTPSessionManager.m in Sources */,
				686D0AF12600B3D400781075 /* MJProperty.m in Sources */,
				6815D74F26047BED007BFC9D /* AFURLSessionManager.m in Sources */,
				686D0AF42600B3D400781075 /* NSObject+MJClass.m in Sources */,
				6815D79A26048767007BFC9D /* IQUIViewController+Additions.m in Sources */,
				6815D79126048767007BFC9D /* IQKeyboardReturnKeyHandler.m in Sources */,
				6815D75A26047BED007BFC9D /* AFAutoPurgingImageCache.m in Sources */,
				686D0B522600EB9800781075 /* AppDelegate.m in Sources */,
				6815D79326048767007BFC9D /* IQUIView+IQKeyboardToolbar.m in Sources */,
				686D0AF02600B3D400781075 /* NSString+MJExtension.m in Sources */,
				6815D75126047BED007BFC9D /* AFURLResponseSerialization.m in Sources */,
				6815D74E26047BED007BFC9D /* AFURLRequestSerialization.m in Sources */,
				6815D79426048767007BFC9D /* IQToolbar.m in Sources */,
				686D0AF52600B3D400781075 /* NSObject+MJCoding.m in Sources */,
				1498D2341E8E89220040F4C2 /* GeneratedPluginRegistrant.m in Sources */,
				686D0AEF2600B3D400781075 /* NSObject+MJKeyValue.m in Sources */,
				6815D79526048767007BFC9D /* IQPreviousNextView.m in Sources */,
				686D0AED2600B3D400781075 /* MJPropertyKey.m in Sources */,
			);
			runOnlyForDeploymentPostprocessing = 0;
		};
/* End PBXSourcesBuildPhase section */

/* Begin PBXVariantGroup section */
		97C146FA1CF9000F007C117D /* Main.storyboard */ = {
			isa = PBXVariantGroup;
			children = (
				97C146FB1CF9000F007C117D /* Base */,
			);
			name = Main.storyboard;
			sourceTree = "<group>";
		};
		97C146FF1CF9000F007C117D /* LaunchScreen.storyboard */ = {
			isa = PBXVariantGroup;
			children = (
				97C147001CF9000F007C117D /* Base */,
				47319BD32574C88E002F4BF2 /* en */,
			);
			name = LaunchScreen.storyboard;
			sourceTree = "<group>";
		};
/* End PBXVariantGroup section */

/* Begin XCBuildConfiguration section */
		249021D3217E4FDB00AE95B9 /* Profile */ = {
			isa = XCBuildConfiguration;
			buildSettings = {
				ALWAYS_SEARCH_USER_PATHS = NO;
				CLANG_ANALYZER_NONNULL = YES;
				CLANG_CXX_LANGUAGE_STANDARD = "gnu++0x";
				CLANG_CXX_LIBRARY = "libc++";
				CLANG_ENABLE_MODULES = YES;
				CLANG_ENABLE_OBJC_ARC = YES;
				CLANG_WARN_BLOCK_CAPTURE_AUTORELEASING = YES;
				CLANG_WARN_BOOL_CONVERSION = YES;
				CLANG_WARN_COMMA = YES;
				CLANG_WARN_CONSTANT_CONVERSION = YES;
				CLANG_WARN_DEPRECATED_OBJC_IMPLEMENTATIONS = YES;
				CLANG_WARN_DIRECT_OBJC_ISA_USAGE = YES_ERROR;
				CLANG_WARN_EMPTY_BODY = YES;
				CLANG_WARN_ENUM_CONVERSION = YES;
				CLANG_WARN_INFINITE_RECURSION = YES;
				CLANG_WARN_INT_CONVERSION = YES;
				CLANG_WARN_NON_LITERAL_NULL_CONVERSION = YES;
				CLANG_WARN_OBJC_IMPLICIT_RETAIN_SELF = YES;
				CLANG_WARN_OBJC_LITERAL_CONVERSION = YES;
				CLANG_WARN_OBJC_ROOT_CLASS = YES_ERROR;
				CLANG_WARN_RANGE_LOOP_ANALYSIS = YES;
				CLANG_WARN_STRICT_PROTOTYPES = YES;
				CLANG_WARN_SUSPICIOUS_MOVE = YES;
				CLANG_WARN_UNREACHABLE_CODE = YES;
				CLANG_WARN__DUPLICATE_METHOD_MATCH = YES;
				"CODE_SIGN_IDENTITY[sdk=iphoneos*]" = "iPhone Developer";
				COPY_PHASE_STRIP = NO;
				DEBUG_INFORMATION_FORMAT = "dwarf-with-dsym";
				ENABLE_NS_ASSERTIONS = NO;
				ENABLE_STRICT_OBJC_MSGSEND = YES;
				GCC_C_LANGUAGE_STANDARD = gnu99;
				GCC_NO_COMMON_BLOCKS = YES;
				GCC_WARN_64_TO_32_BIT_CONVERSION = YES;
				GCC_WARN_ABOUT_RETURN_TYPE = YES_ERROR;
				GCC_WARN_UNDECLARED_SELECTOR = YES;
				GCC_WARN_UNINITIALIZED_AUTOS = YES_AGGRESSIVE;
				GCC_WARN_UNUSED_FUNCTION = YES;
				GCC_WARN_UNUSED_VARIABLE = YES;
				IPHONEOS_DEPLOYMENT_TARGET = 9.0;
				MTL_ENABLE_DEBUG_INFO = NO;
				SDKROOT = iphoneos;
				SUPPORTED_PLATFORMS = iphoneos;
				TARGETED_DEVICE_FAMILY = "1,2";
				VALIDATE_PRODUCT = YES;
			};
			name = Profile;
		};
		249021D4217E4FDB00AE95B9 /* Profile */ = {
			isa = XCBuildConfiguration;
			baseConfigurationReference = 7AFA3C8E1D35360C0083082E /* Release.xcconfig */;
			buildSettings = {
				ASSETCATALOG_COMPILER_APPICON_NAME = AppIcon;
				CLANG_ENABLE_MODULES = YES;
				CODE_SIGN_IDENTITY = "Apple Development";
				CODE_SIGN_STYLE = Automatic;
				CURRENT_PROJECT_VERSION = "$(FLUTTER_BUILD_NUMBER)";
				DEVELOPMENT_TEAM = 672527V5QC;
				ENABLE_BITCODE = NO;
				FRAMEWORK_SEARCH_PATHS = (
					"$(inherited)",
					"$(PROJECT_DIR)/Flutter",
					"$(PROJECT_DIR)/Runner/QianliyanSDK",
					"$(PROJECT_DIR)/Runner/QianliyanSDK/WBCloudReflectionFaceVerify_framework/Libs",
				);
				INFOPLIST_FILE = Runner/Info.plist;
				LD_RUNPATH_SEARCH_PATHS = (
					"$(inherited)",
					"@executable_path/Frameworks",
				);
				LIBRARY_SEARCH_PATHS = (
					"$(inherited)",
					"$(PROJECT_DIR)/Flutter",
				);
				OTHER_LDFLAGS = (
					"$(inherited)",
					"-framework",
					Flutter,
					"-ObjC",
				);
				PRODUCT_BUNDLE_IDENTIFIER = "com.example.ebank-mobile-enterprise";
				PRODUCT_NAME = "$(TARGET_NAME)";
				PROVISIONING_PROFILE_SPECIFIER = "";
				SWIFT_OBJC_BRIDGING_HEADER = "Runner/Runner-Bridging-Header.h";
				SWIFT_VERSION = 5.0;
				VERSIONING_SYSTEM = "apple-generic";
			};
			name = Profile;
		};
		97C147031CF9000F007C117D /* Debug */ = {
			isa = XCBuildConfiguration;
			buildSettings = {
				ALWAYS_SEARCH_USER_PATHS = NO;
				CLANG_ANALYZER_NONNULL = YES;
				CLANG_CXX_LANGUAGE_STANDARD = "gnu++0x";
				CLANG_CXX_LIBRARY = "libc++";
				CLANG_ENABLE_MODULES = YES;
				CLANG_ENABLE_OBJC_ARC = YES;
				CLANG_WARN_BLOCK_CAPTURE_AUTORELEASING = YES;
				CLANG_WARN_BOOL_CONVERSION = YES;
				CLANG_WARN_COMMA = YES;
				CLANG_WARN_CONSTANT_CONVERSION = YES;
				CLANG_WARN_DEPRECATED_OBJC_IMPLEMENTATIONS = YES;
				CLANG_WARN_DIRECT_OBJC_ISA_USAGE = YES_ERROR;
				CLANG_WARN_EMPTY_BODY = YES;
				CLANG_WARN_ENUM_CONVERSION = YES;
				CLANG_WARN_INFINITE_RECURSION = YES;
				CLANG_WARN_INT_CONVERSION = YES;
				CLANG_WARN_NON_LITERAL_NULL_CONVERSION = YES;
				CLANG_WARN_OBJC_IMPLICIT_RETAIN_SELF = YES;
				CLANG_WARN_OBJC_LITERAL_CONVERSION = YES;
				CLANG_WARN_OBJC_ROOT_CLASS = YES_ERROR;
				CLANG_WARN_RANGE_LOOP_ANALYSIS = YES;
				CLANG_WARN_STRICT_PROTOTYPES = YES;
				CLANG_WARN_SUSPICIOUS_MOVE = YES;
				CLANG_WARN_UNREACHABLE_CODE = YES;
				CLANG_WARN__DUPLICATE_METHOD_MATCH = YES;
				"CODE_SIGN_IDENTITY[sdk=iphoneos*]" = "iPhone Developer";
				COPY_PHASE_STRIP = NO;
				DEBUG_INFORMATION_FORMAT = dwarf;
				ENABLE_STRICT_OBJC_MSGSEND = YES;
				ENABLE_TESTABILITY = YES;
				GCC_C_LANGUAGE_STANDARD = gnu99;
				GCC_DYNAMIC_NO_PIC = NO;
				GCC_NO_COMMON_BLOCKS = YES;
				GCC_OPTIMIZATION_LEVEL = 0;
				GCC_PREPROCESSOR_DEFINITIONS = (
					"DEBUG=1",
					"$(inherited)",
				);
				GCC_WARN_64_TO_32_BIT_CONVERSION = YES;
				GCC_WARN_ABOUT_RETURN_TYPE = YES_ERROR;
				GCC_WARN_UNDECLARED_SELECTOR = YES;
				GCC_WARN_UNINITIALIZED_AUTOS = YES_AGGRESSIVE;
				GCC_WARN_UNUSED_FUNCTION = YES;
				GCC_WARN_UNUSED_VARIABLE = YES;
				IPHONEOS_DEPLOYMENT_TARGET = 9.0;
				MTL_ENABLE_DEBUG_INFO = YES;
				ONLY_ACTIVE_ARCH = YES;
				SDKROOT = iphoneos;
				TARGETED_DEVICE_FAMILY = "1,2";
			};
			name = Debug;
		};
		97C147041CF9000F007C117D /* Release */ = {
			isa = XCBuildConfiguration;
			buildSettings = {
				ALWAYS_SEARCH_USER_PATHS = NO;
				CLANG_ANALYZER_NONNULL = YES;
				CLANG_CXX_LANGUAGE_STANDARD = "gnu++0x";
				CLANG_CXX_LIBRARY = "libc++";
				CLANG_ENABLE_MODULES = YES;
				CLANG_ENABLE_OBJC_ARC = YES;
				CLANG_WARN_BLOCK_CAPTURE_AUTORELEASING = YES;
				CLANG_WARN_BOOL_CONVERSION = YES;
				CLANG_WARN_COMMA = YES;
				CLANG_WARN_CONSTANT_CONVERSION = YES;
				CLANG_WARN_DEPRECATED_OBJC_IMPLEMENTATIONS = YES;
				CLANG_WARN_DIRECT_OBJC_ISA_USAGE = YES_ERROR;
				CLANG_WARN_EMPTY_BODY = YES;
				CLANG_WARN_ENUM_CONVERSION = YES;
				CLANG_WARN_INFINITE_RECURSION = YES;
				CLANG_WARN_INT_CONVERSION = YES;
				CLANG_WARN_NON_LITERAL_NULL_CONVERSION = YES;
				CLANG_WARN_OBJC_IMPLICIT_RETAIN_SELF = YES;
				CLANG_WARN_OBJC_LITERAL_CONVERSION = YES;
				CLANG_WARN_OBJC_ROOT_CLASS = YES_ERROR;
				CLANG_WARN_RANGE_LOOP_ANALYSIS = YES;
				CLANG_WARN_STRICT_PROTOTYPES = YES;
				CLANG_WARN_SUSPICIOUS_MOVE = YES;
				CLANG_WARN_UNREACHABLE_CODE = YES;
				CLANG_WARN__DUPLICATE_METHOD_MATCH = YES;
				"CODE_SIGN_IDENTITY[sdk=iphoneos*]" = "iPhone Developer";
				COPY_PHASE_STRIP = NO;
				DEBUG_INFORMATION_FORMAT = "dwarf-with-dsym";
				ENABLE_NS_ASSERTIONS = NO;
				ENABLE_STRICT_OBJC_MSGSEND = YES;
				GCC_C_LANGUAGE_STANDARD = gnu99;
				GCC_NO_COMMON_BLOCKS = YES;
				GCC_WARN_64_TO_32_BIT_CONVERSION = YES;
				GCC_WARN_ABOUT_RETURN_TYPE = YES_ERROR;
				GCC_WARN_UNDECLARED_SELECTOR = YES;
				GCC_WARN_UNINITIALIZED_AUTOS = YES_AGGRESSIVE;
				GCC_WARN_UNUSED_FUNCTION = YES;
				GCC_WARN_UNUSED_VARIABLE = YES;
				IPHONEOS_DEPLOYMENT_TARGET = 9.0;
				MTL_ENABLE_DEBUG_INFO = NO;
				SDKROOT = iphoneos;
				SUPPORTED_PLATFORMS = iphoneos;
				SWIFT_COMPILATION_MODE = wholemodule;
				SWIFT_OPTIMIZATION_LEVEL = "-O";
				TARGETED_DEVICE_FAMILY = "1,2";
				VALIDATE_PRODUCT = YES;
			};
			name = Release;
		};
		97C147061CF9000F007C117D /* Debug */ = {
			isa = XCBuildConfiguration;
			baseConfigurationReference = 9740EEB21CF90195004384FC /* Debug.xcconfig */;
			buildSettings = {
				ASSETCATALOG_COMPILER_APPICON_NAME = AppIcon;
				CLANG_ENABLE_MODULES = YES;
				CODE_SIGN_IDENTITY = "Apple Development";
				CODE_SIGN_STYLE = Automatic;
				CURRENT_PROJECT_VERSION = "$(FLUTTER_BUILD_NUMBER)";
				DEVELOPMENT_TEAM = 672527V5QC;
				ENABLE_BITCODE = NO;
				FRAMEWORK_SEARCH_PATHS = (
					"$(inherited)",
					"$(PROJECT_DIR)/Flutter",
					"$(PROJECT_DIR)/Runner/QianliyanSDK",
					"$(PROJECT_DIR)/Runner/QianliyanSDK/WBCloudReflectionFaceVerify_framework/Libs",
				);
				INFOPLIST_FILE = Runner/Info.plist;
				LD_RUNPATH_SEARCH_PATHS = (
					"$(inherited)",
					"@executable_path/Frameworks",
				);
				LIBRARY_SEARCH_PATHS = (
					"$(inherited)",
					"$(PROJECT_DIR)/Flutter",
				);
				OTHER_LDFLAGS = (
					"$(inherited)",
					"-framework",
					Flutter,
					"-ObjC",
				);
				PRODUCT_BUNDLE_IDENTIFIER = "com.example.ebank-mobile-enterprise";
				PRODUCT_NAME = "$(TARGET_NAME)";
				PROVISIONING_PROFILE_SPECIFIER = "";
				SWIFT_OBJC_BRIDGING_HEADER = "Runner/Runner-Bridging-Header.h";
				SWIFT_OPTIMIZATION_LEVEL = "-Onone";
				SWIFT_VERSION = 5.0;
				VERSIONING_SYSTEM = "apple-generic";
			};
			name = Debug;
		};
		97C147071CF9000F007C117D /* Release */ = {
			isa = XCBuildConfiguration;
			baseConfigurationReference = 7AFA3C8E1D35360C0083082E /* Release.xcconfig */;
			buildSettings = {
				ASSETCATALOG_COMPILER_APPICON_NAME = AppIcon;
				CLANG_ENABLE_MODULES = YES;
				CODE_SIGN_IDENTITY = "Apple Development";
				CODE_SIGN_STYLE = Automatic;
				CURRENT_PROJECT_VERSION = "$(FLUTTER_BUILD_NUMBER)";
				DEVELOPMENT_TEAM = 672527V5QC;
				ENABLE_BITCODE = NO;
				FRAMEWORK_SEARCH_PATHS = (
					"$(inherited)",
					"$(PROJECT_DIR)/Flutter",
					"$(PROJECT_DIR)/Runner/QianliyanSDK",
					"$(PROJECT_DIR)/Runner/QianliyanSDK/WBCloudReflectionFaceVerify_framework/Libs",
				);
				INFOPLIST_FILE = Runner/Info.plist;
				LD_RUNPATH_SEARCH_PATHS = (
					"$(inherited)",
					"@executable_path/Frameworks",
				);
				LIBRARY_SEARCH_PATHS = (
					"$(inherited)",
					"$(PROJECT_DIR)/Flutter",
				);
				OTHER_LDFLAGS = (
					"$(inherited)",
					"-framework",
					Flutter,
					"-ObjC",
				);
				PRODUCT_BUNDLE_IDENTIFIER = "com.example.ebank-mobile-enterprise";
				PRODUCT_NAME = "$(TARGET_NAME)";
				PROVISIONING_PROFILE_SPECIFIER = "";
				SWIFT_OBJC_BRIDGING_HEADER = "Runner/Runner-Bridging-Header.h";
				SWIFT_VERSION = 5.0;
				VERSIONING_SYSTEM = "apple-generic";
			};
			name = Release;
		};
/* End XCBuildConfiguration section */

/* Begin XCConfigurationList section */
		97C146E91CF9000F007C117D /* Build configuration list for PBXProject "Runner" */ = {
			isa = XCConfigurationList;
			buildConfigurations = (
				97C147031CF9000F007C117D /* Debug */,
				97C147041CF9000F007C117D /* Release */,
				249021D3217E4FDB00AE95B9 /* Profile */,
			);
			defaultConfigurationIsVisible = 0;
			defaultConfigurationName = Release;
		};
		97C147051CF9000F007C117D /* Build configuration list for PBXNativeTarget "Runner" */ = {
			isa = XCConfigurationList;
			buildConfigurations = (
				97C147061CF9000F007C117D /* Debug */,
				97C147071CF9000F007C117D /* Release */,
				249021D4217E4FDB00AE95B9 /* Profile */,
			);
			defaultConfigurationIsVisible = 0;
			defaultConfigurationName = Release;
		};
/* End XCConfigurationList section */
	};
	rootObject = 97C146E61CF9000F007C117D /* Project object */;
}
